# This file is automatically @generated by Cargo.
# It is not intended for manual editing.
version = 4

[[package]]
name = "aven-artifact-store"
version = "0.1.0"

[[package]]
name = "aven-artifact-store-client"
version = "0.1.0"
dependencies = [
 "aven-artifact-store",
]

[[package]]
name = "aven-artifact-store-postgres"
version = "0.1.0"
dependencies = [
 "aven-artifact-store",
]

[[package]]
name = "aven-artifact-store-server"
version = "0.1.0"
dependencies = [
 "aven-artifact-store",
 "aven-artifact-store-postgres",
]

[[package]]
name = "aven-artifact-store-tauri"
version = "0.1.0"
dependencies = [
 "aven-artifact-store",
 "aven-artifact-store-client",
 "aven-artifact-store-postgres",
]
