
Microsoft Visual Studio Solution File, Format Version 12.00
# Visual Studio Version 17
VisualStudioVersion = 17.0.31903.59
MinimumVisualStudioVersion = 10.0.40219.1
Project("{2150E333-8FDC-42A3-9474-1A3956D46DE8}") = "src", "src", "{A2B1EEC5-67DB-0057-32EF-CB059E5EC4AB}"
EndProject
Project("{FAE04EC0-301F-11D3-BF4B-00C04F79EFBC}") = "Aven.Contracts", "Aven\src\Aven.Contracts\Aven.Contracts.csproj", "{F3F99790-AD39-42B2-BDF8-01BBEAC50949}"
EndProject
Project("{FAE04EC0-301F-11D3-BF4B-00C04F79EFBC}") = "Aven.Events", "Aven\src\Aven.Events\Aven.Events.csproj", "{7B3D5A19-9F6B-4209-A4C8-C31A820E14F9}"
EndProject
Project("{2150E333-8FDC-42A3-9474-1A3956D46DE8}") = "tests", "tests", "{E94B05C0-7B94-F67B-A355-732423DFCDE4}"
EndProject
Project("{FAE04EC0-301F-11D3-BF4B-00C04F79EFBC}") = "Aven.Tests.Contracts", "Aven\tests\Aven.Tests.Contracts\Aven.Tests.Contracts.csproj", "{8B62D299-5A8C-4F5E-B73F-33DAFF9E819C}"
EndProject
Project("{FAE04EC0-301F-11D3-BF4B-00C04F79EFBC}") = "Aven.Akka.Hosting", "Aven\src\Aven.Akka.Hosting\Aven.Akka.Hosting.csproj", "{5090EE85-472A-4856-ABEE-6DC7302A7F50}"
EndProject
Project("{FAE04EC0-301F-11D3-BF4B-00C04F79EFBC}") = "Aven.Tests.ActorKernel", "Aven\tests\Aven.Tests.ActorKernel\Aven.Tests.ActorKernel.csproj", "{4F91B7B5-B774-4618-8420-496D05926892}"
EndProject
Project("{FAE04EC0-301F-11D3-BF4B-00C04F79EFBC}") = "Aven.Tests.Hosting", "Aven\tests\Aven.Tests.Hosting\Aven.Tests.Hosting.csproj", "{A8E47AD7-8D9E-41EE-88BE-06B9C4EFDC86}"
EndProject
Project("{FAE04EC0-301F-11D3-BF4B-00C04F79EFBC}") = "Aven.ActorKernel", "Aven\src\Aven.ActorKernel\Aven.ActorKernel.csproj", "{8FB301F6-2993-4E49-AC10-B825A5D998C7}"
EndProject
Project("{FAE04EC0-301F-11D3-BF4B-00C04F79EFBC}") = "Aven.DurableDelivery", "Aven\src\Delivery\Aven.DurableDelivery\Aven.DurableDelivery.csproj", "{BB787C51-55F2-45CE-BEF7-F885D458676D}"
EndProject
Project("{FAE04EC0-301F-11D3-BF4B-00C04F79EFBC}") = "Aven.Tests.DurableDelivery", "Aven\tests\Aven.Tests.DurableDelivery\Aven.Tests.DurableDelivery.csproj", "{18CA6012-2063-4E88-B473-4E22E4EE02B0}"
EndProject
Project("{FAE04EC0-301F-11D3-BF4B-00C04F79EFBC}") = "Aven.SchemaRegistry", "Aven\src\SchemaRegistry\Aven.SchemaRegistry\Aven.SchemaRegistry.csproj", "{E8540C03-9EA3-40F1-8133-2CFD66F9C728}"
EndProject
Project("{FAE04EC0-301F-11D3-BF4B-00C04F79EFBC}") = "Aven.Tests.SchemaRegistry", "Aven\tests\Aven.Tests.SchemaRegistry\Aven.Tests.SchemaRegistry.csproj", "{DA7C44B6-1ECF-486B-9152-81065EDBD430}"
EndProject
Project("{FAE04EC0-301F-11D3-BF4B-00C04F79EFBC}") = "Aven.Capabilities", "Aven\src\Capabilities\Aven.Capabilities\Aven.Capabilities.csproj", "{77AC66EB-B775-4763-BB05-281E824597BC}"
EndProject
Project("{FAE04EC0-301F-11D3-BF4B-00C04F79EFBC}") = "Aven.Tests.Capabilities", "Aven\tests\Aven.Tests.Capabilities\Aven.Tests.Capabilities.csproj", "{59EA8BDB-B0E1-4998-9CA9-5567FE7DC222}"
EndProject
Project("{FAE04EC0-301F-11D3-BF4B-00C04F79EFBC}") = "Aven.Resources.Artifacts", "Aven\src\Resources\Artifacts\Aven.Resources.Artifacts\Aven.Resources.Artifacts.csproj", "{641BE6BD-5737-4161-9B40-864E53416E02}"
EndProject
Project("{FAE04EC0-301F-11D3-BF4B-00C04F79EFBC}") = "Aven.Tests.Resources", "Aven\tests\Aven.Tests.Resources\Aven.Tests.Resources.csproj", "{7FB9EA5A-FA83-4331-A6A6-1BE804BB5E8D}"
EndProject
Project("{FAE04EC0-301F-11D3-BF4B-00C04F79EFBC}") = "Aven.Resources.Human", "Aven\src\Resources\Human\Aven.Resources.Human\Aven.Resources.Human.csproj", "{A6A7F037-8C85-4775-99AC-D0FBE56062FF}"
EndProject
Project("{FAE04EC0-301F-11D3-BF4B-00C04F79EFBC}") = "Aven.Resources.Llm", "Aven\src\Resources\Llm\Aven.Resources.Llm\Aven.Resources.Llm.csproj", "{BD8E2E7F-D7C9-404A-A75F-34F134E21B9E}"
EndProject
Project("{FAE04EC0-301F-11D3-BF4B-00C04F79EFBC}") = "Aven.Tests.RoleAgents", "Aven\tests\Aven.Tests.RoleAgents\Aven.Tests.RoleAgents.csproj", "{F023355C-B7C4-440D-A456-F185C6F85612}"
EndProject
Project("{FAE04EC0-301F-11D3-BF4B-00C04F79EFBC}") = "Aven.RoleAgents", "Aven\src\Agent\Aven.RoleAgents\Aven.RoleAgents.csproj", "{D8B6F8FD-2FC8-468B-896A-B9A6BF825BFD}"
EndProject
Project("{FAE04EC0-301F-11D3-BF4B-00C04F79EFBC}") = "Aven.RoleAgents.Registry", "Aven\src\RoleRegistry\Aven.RoleAgents.Registry\Aven.RoleAgents.Registry.csproj", "{9983DC4B-0595-4F80-86C4-F10788C433A8}"
EndProject
Project("{FAE04EC0-301F-11D3-BF4B-00C04F79EFBC}") = "Aven.WorkIntake", "Aven\src\WorkIntake\Aven.WorkIntake\Aven.WorkIntake.csproj", "{356D1CE2-9F33-45A3-A025-AD9F1A434DD7}"
EndProject
Project("{FAE04EC0-301F-11D3-BF4B-00C04F79EFBC}") = "Aven.Routing", "Aven\src\Routing\Aven.Routing\Aven.Routing.csproj", "{DB92B13B-8DA1-47F8-AC5B-2B401EA92AC4}"
EndProject
Project("{FAE04EC0-301F-11D3-BF4B-00C04F79EFBC}") = "Aven.Tests.Routing", "Aven\tests\Aven.Tests.Routing\Aven.Tests.Routing.csproj", "{EAB69A13-5794-4167-A301-E56CD199DC3E}"
EndProject
Project("{FAE04EC0-301F-11D3-BF4B-00C04F79EFBC}") = "Aven.Scheduling", "Aven\src\Scheduling\Aven.Scheduling\Aven.Scheduling.csproj", "{632D08A6-C2E2-4E4D-B95C-CD1C9CD35B68}"
EndProject
Project("{FAE04EC0-301F-11D3-BF4B-00C04F79EFBC}") = "Aven.Tests.Scheduling", "Aven\tests\Aven.Tests.Scheduling\Aven.Tests.Scheduling.csproj", "{1F08AD42-DA0A-46B7-8F97-D8D5FB88B1A0}"
EndProject
Project("{FAE04EC0-301F-11D3-BF4B-00C04F79EFBC}") = "Aven.Submission", "Aven\src\Submission\Aven.Submission\Aven.Submission.csproj", "{EEDECE8A-773D-41D2-9623-3576F5754D46}"
EndProject
Project("{FAE04EC0-301F-11D3-BF4B-00C04F79EFBC}") = "Aven.Tests.Submission", "Aven\tests\Aven.Tests.Submission\Aven.Tests.Submission.csproj", "{A6FF99F5-EDEE-4FB5-A0E0-396B65F6C738}"
EndProject
Project("{FAE04EC0-301F-11D3-BF4B-00C04F79EFBC}") = "Aven.Tests.E2E", "Aven\tests\Aven.Tests.E2E\Aven.Tests.E2E.csproj", "{4582B682-413C-4069-8399-2B7CAC95A91F}"
EndProject
Project("{FAE04EC0-301F-11D3-BF4B-00C04F79EFBC}") = "Aven.Resources.Metadata", "Aven\src\Resources\Metadata\Aven.Resources.Metadata\Aven.Resources.Metadata.csproj", "{B03A5501-5C4B-4740-B3CC-B5E512144140}"
EndProject
Project("{FAE04EC0-301F-11D3-BF4B-00C04F79EFBC}") = "Aven.Tests.Metadata", "Aven\tests\Aven.Tests.Metadata\Aven.Tests.Metadata.csproj", "{68BBA6B1-2FE1-44E6-B473-F2020EEC8A79}"
EndProject
Project("{FAE04EC0-301F-11D3-BF4B-00C04F79EFBC}") = "Aven.Api", "Aven\src\Aven.Api\Aven.Api.csproj", "{9E1F4D57-4D7E-4DA6-A0F8-7D0C6720E5A9}"
EndProject
Project("{FAE04EC0-301F-11D3-BF4B-00C04F79EFBC}") = "Aven.Roles", "Aven\src\Aven.Roles\Aven.Roles.csproj", "{9F7BA4B7-C306-4883-B28C-093C1B946889}"
EndProject
Project("{FAE04EC0-301F-11D3-BF4B-00C04F79EFBC}") = "Aven.Trace", "Aven\src\Aven.Trace\Aven.Trace.csproj", "{09533868-D812-49F1-99DC-7F2EEB3225C1}"
EndProject
Project("{FAE04EC0-301F-11D3-BF4B-00C04F79EFBC}") = "Aven.Tests.Trace", "Aven\tests\Aven.Tests.Trace\Aven.Tests.Trace.csproj", "{72BEEE0A-9FCA-4810-B7C4-72AB9BDCB6B7}"
EndProject
Project("{FAE04EC0-301F-11D3-BF4B-00C04F79EFBC}") = "Aven.RoleAgents.Contracts", "Aven\src\Agent\Aven.RoleAgents.Contracts\Aven.RoleAgents.Contracts.csproj", "{AD942D30-A3DB-43A6-9BA9-ABA5AC1368F8}"
EndProject
Project("{FAE04EC0-301F-11D3-BF4B-00C04F79EFBC}") = "Aven.Roles.Contracts", "Aven\src\RoleRegistry\Aven.Roles.Contracts\Aven.Roles.Contracts.csproj", "{5450FC13-5FA5-46A3-B827-D19C36DA5A0D}"
EndProject
Project("{FAE04EC0-301F-11D3-BF4B-00C04F79EFBC}") = "Aven.WorkIntake.Contracts", "Aven\src\WorkIntake\Aven.WorkIntake.Contracts\Aven.WorkIntake.Contracts.csproj", "{EA62E2EB-90EC-4DDF-A499-E82601270D14}"
EndProject
Project("{FAE04EC0-301F-11D3-BF4B-00C04F79EFBC}") = "Aven.DurableDelivery.Contracts", "Aven\src\Delivery\Aven.DurableDelivery.Contracts\Aven.DurableDelivery.Contracts.csproj", "{BDB60BA6-3846-48E3-B9C9-2943CC4E9ECA}"
EndProject
Project("{FAE04EC0-301F-11D3-BF4B-00C04F79EFBC}") = "Aven.Submission.Contracts", "Aven\src\Submission\Aven.Submission.Contracts\Aven.Submission.Contracts.csproj", "{37CF9273-78E4-4B77-97B5-5798BA850871}"
EndProject
Project("{FAE04EC0-301F-11D3-BF4B-00C04F79EFBC}") = "Aven.Routing.Contracts", "Aven\src\Routing\Aven.Routing.Contracts\Aven.Routing.Contracts.csproj", "{6FF51EA4-D663-42B4-A1AB-8ACA15398403}"
EndProject
Project("{FAE04EC0-301F-11D3-BF4B-00C04F79EFBC}") = "Aven.Resources.Llm.Contracts", "Aven\src\Resources\Llm\Aven.Resources.Llm.Contracts\Aven.Resources.Llm.Contracts.csproj", "{259BB22F-1F69-4615-B250-2F4A61D43AB6}"
EndProject
Project("{FAE04EC0-301F-11D3-BF4B-00C04F79EFBC}") = "Aven.Scheduling.Contracts", "Aven\src\Scheduling\Aven.Scheduling.Contracts\Aven.Scheduling.Contracts.csproj", "{37861FEF-8C07-4BC0-94F1-5D7BB63B2F7F}"
EndProject
Project("{2150E333-8FDC-42A3-9474-1A3956D46DE8}") = "Agent", "Agent", "{7A685C70-582C-4BB8-9A67-3FC7D435A27E}"
EndProject
Project("{2150E333-8FDC-42A3-9474-1A3956D46DE8}") = "RoleRegistry", "RoleRegistry", "{BDA16835-C5ED-45F1-A1B1-C3485BEA46B6}"
EndProject
Project("{2150E333-8FDC-42A3-9474-1A3956D46DE8}") = "WorkIntake", "WorkIntake", "{F54566DA-941D-48C1-929E-BBC169D3D011}"
EndProject
Project("{2150E333-8FDC-42A3-9474-1A3956D46DE8}") = "Delivery", "Delivery", "{31CAB707-5744-45DC-A93C-7CD9B8C4FDBE}"
EndProject
Project("{2150E333-8FDC-42A3-9474-1A3956D46DE8}") = "Submission", "Submission", "{BA43F464-86AE-40F4-9B57-BFB1436B8198}"
EndProject
Project("{2150E333-8FDC-42A3-9474-1A3956D46DE8}") = "Resources", "Resources", "{5C5BEEBA-6F6C-4C22-94B7-85A89DF69C67}"
EndProject
Project("{2150E333-8FDC-42A3-9474-1A3956D46DE8}") = "Artifacts", "Artifacts", "{7336F634-0E20-486A-A72F-B6A96470578D}"
EndProject
Project("{2150E333-8FDC-42A3-9474-1A3956D46DE8}") = "Llm", "Llm", "{76A45A8D-023F-4EFB-97E8-5014069511B0}"
EndProject
Project("{2150E333-8FDC-42A3-9474-1A3956D46DE8}") = "Routing", "Routing", "{B49983F4-D701-47D5-BD40-E6C1955D9420}"
EndProject
Project("{2150E333-8FDC-42A3-9474-1A3956D46DE8}") = "Scheduling", "Scheduling", "{ACBD56AF-9BFE-4AAC-860C-C6F41A54FDB1}"
EndProject
Project("{FAE04EC0-301F-11D3-BF4B-00C04F79EFBC}") = "Aven.Resources.Artifacts.Contracts", "Aven\src\Resources\Artifacts\Aven.Resources.Artifacts.Contracts\Aven.Resources.Artifacts.Contracts.csproj", "{6D3DAFCE-297C-4F1F-9AA5-37A4127A5122}"
EndProject
Project("{FAE04EC0-301F-11D3-BF4B-00C04F79EFBC}") = "Aven.Capabilities.Contracts", "Aven\src\Capabilities\Aven.Capabilities.Contracts\Aven.Capabilities.Contracts.csproj", "{D53E6C88-8784-456F-8D95-5A5B7C528C95}"
EndProject
Project("{FAE04EC0-301F-11D3-BF4B-00C04F79EFBC}") = "Aven.Resources.Metadata.Contracts", "Aven\src\Resources\Metadata\Aven.Resources.Metadata.Contracts\Aven.Resources.Metadata.Contracts.csproj", "{5AAE3786-97BF-4753-A890-2B2DE9D06C39}"
EndProject
Project("{FAE04EC0-301F-11D3-BF4B-00C04F79EFBC}") = "Aven.Resources.Human.Contracts", "Aven\src\Resources\Human\Aven.Resources.Human.Contracts\Aven.Resources.Human.Contracts.csproj", "{EA8F09DD-0E54-47C0-A961-140635AC5991}"
EndProject
Project("{FAE04EC0-301F-11D3-BF4B-00C04F79EFBC}") = "Aven.SchemaRegistry.Contracts", "Aven\src\SchemaRegistry\Aven.SchemaRegistry.Contracts\Aven.SchemaRegistry.Contracts.csproj", "{CBC9DD3C-2599-444D-AA44-F3469284E6B7}"
EndProject
Project("{2150E333-8FDC-42A3-9474-1A3956D46DE8}") = "Human", "Human", "{735B0297-BBB2-45CD-9030-33A447A11D41}"
EndProject
Project("{2150E333-8FDC-42A3-9474-1A3956D46DE8}") = "Capabilities", "Capabilities", "{6EF67072-E8FF-41B0-B3F4-345C52A609EB}"
EndProject
Project("{2150E333-8FDC-42A3-9474-1A3956D46DE8}") = "SchemaRegistry", "SchemaRegistry", "{E6CFF44E-9099-4352-8892-482A0E7CEEB7}"
EndProject
Project("{FAE04EC0-301F-11D3-BF4B-00C04F79EFBC}") = "Aven.Trace.Contracts", "Aven\src\Aven.Trace.Contracts\Aven.Trace.Contracts.csproj", "{BDBA7F55-6084-4C26-882C-25D51333E0D4}"
EndProject
Project("{2150E333-8FDC-42A3-9474-1A3956D46DE8}") = "Metadata", "Metadata", "{5DE8F4D7-1CA8-421E-A483-4C169BEB414F}"
EndProject
Project("{FAE04EC0-301F-11D3-BF4B-00C04F79EFBC}") = "Aven.Toolkit.Core", "Toolkit\src\Aven.Toolkit.Core\Aven.Toolkit.Core.csproj", "{67150FD1-52E7-4C7D-AB9F-128121F61BE6}"
EndProject
Project("{FAE04EC0-301F-11D3-BF4B-00C04F79EFBC}") = "Aven.Toolkit.Artifacts", "Toolkit\src\Aven.Toolkit.Artifacts\Aven.Toolkit.Artifacts.csproj", "{2C16F2BF-AFE9-44D5-9AB4-56F6D28D6034}"
EndProject
Project("{FAE04EC0-301F-11D3-BF4B-00C04F79EFBC}") = "Aven.Toolkit.Metadata", "Toolkit\src\Aven.Toolkit.Metadata\Aven.Toolkit.Metadata.csproj", "{0EFD2D9F-4317-47EF-A157-28BB3675E973}"
EndProject
Project("{FAE04EC0-301F-11D3-BF4B-00C04F79EFBC}") = "Aven.Toolkit.Capabilities", "Toolkit\src\Aven.Toolkit.Capabilities\Aven.Toolkit.Capabilities.csproj", "{312B03FD-E44E-46B5-9580-E8756E80B692}"
EndProject
Project("{FAE04EC0-301F-11D3-BF4B-00C04F79EFBC}") = "Aven.Toolkit.Llm", "Toolkit\src\Aven.Toolkit.Llm\Aven.Toolkit.Llm.csproj", "{60B6D569-9F0F-4597-810F-D279C5C10C16}"
EndProject
Project("{FAE04EC0-301F-11D3-BF4B-00C04F79EFBC}") = "Aven.Toolkit.Tracing", "Toolkit\src\Aven.Toolkit.Tracing\Aven.Toolkit.Tracing.csproj", "{E3A356EB-CF42-4478-BB11-9D3CB7EB15D8}"
EndProject
Project("{FAE04EC0-301F-11D3-BF4B-00C04F79EFBC}") = "Aven.Toolkit.Core.Tests", "Toolkit\tests\Aven.Toolkit.Core.Tests\Aven.Toolkit.Core.Tests.csproj", "{FAE5D572-4C62-4113-B8E2-D2F5870684F9}"
EndProject
Project("{FAE04EC0-301F-11D3-BF4B-00C04F79EFBC}") = "Aven.Toolkit.Artifacts.Tests", "Toolkit\tests\Aven.Toolkit.Artifacts.Tests\Aven.Toolkit.Artifacts.Tests.csproj", "{876B8282-34F1-4766-8F6B-377C73AD63A3}"
EndProject
Project("{FAE04EC0-301F-11D3-BF4B-00C04F79EFBC}") = "Aven.Toolkit.Metadata.Tests", "Toolkit\tests\Aven.Toolkit.Metadata.Tests\Aven.Toolkit.Metadata.Tests.csproj", "{5A562E90-5A1C-4D4E-BED3-BA985E220812}"
EndProject
Project("{FAE04EC0-301F-11D3-BF4B-00C04F79EFBC}") = "Aven.Toolkit.Capabilities.Tests", "Toolkit\tests\Aven.Toolkit.Capabilities.Tests\Aven.Toolkit.Capabilities.Tests.csproj", "{4B056C54-6C6D-4F47-B0EE-8067EEF4A049}"
EndProject
Project("{FAE04EC0-301F-11D3-BF4B-00C04F79EFBC}") = "Aven.Toolkit.Llm.Tests", "Toolkit\tests\Aven.Toolkit.Llm.Tests\Aven.Toolkit.Llm.Tests.csproj", "{7DE9DF09-AAF2-4C1A-918E-F667FC3DECD0}"
EndProject
Project("{FAE04EC0-301F-11D3-BF4B-00C04F79EFBC}") = "Aven.Toolkit.Tracing.Tests", "Toolkit\tests\Aven.Toolkit.Tracing.Tests\Aven.Toolkit.Tracing.Tests.csproj", "{DDE1A106-D149-4B51-8AE3-6CB44678541D}"
EndProject
Project("{FAE04EC0-301F-11D3-BF4B-00C04F79EFBC}") = "Aven.Testing", "Aven\tests\Aven.Testing\Aven.Testing.csproj", "{73A51D89-E60F-4168-AE13-88B29413E3D7}"
EndProject
Project("{2150E333-8FDC-42A3-9474-1A3956D46DE8}") = "Toolkit", "Toolkit", "{4D5FEE9B-1D4E-4507-8008-BA8BB8F8F9AD}"
EndProject
Project("{2150E333-8FDC-42A3-9474-1A3956D46DE8}") = "Aven", "Aven", "{2C739A61-540C-438E-8574-9BC07F61B0B9}"
EndProject
Project("{2150E333-8FDC-42A3-9474-1A3956D46DE8}") = "src", "src", "{1523B074-3DDA-48D1-A317-E26C5E7CBFE8}"
EndProject
Project("{2150E333-8FDC-42A3-9474-1A3956D46DE8}") = "tests", "tests", "{BA6E893D-0D26-456B-82C9-AF7CCFBACA98}"
EndProject
Project("{2150E333-8FDC-42A3-9474-1A3956D46DE8}") = "Runtime", "Runtime", "{35AF9831-6CF2-4F99-D5AB-565C9E0E3481}"
EndProject
Project("{FAE04EC0-301F-11D3-BF4B-00C04F79EFBC}") = "Aven.Resources.Runtime", "Aven\src\Resources\Runtime\Aven.Resources.Runtime\Aven.Resources.Runtime.csproj", "{18025637-77A6-4C1E-A785-31889C9C07B8}"
EndProject
Project("{FAE04EC0-301F-11D3-BF4B-00C04F79EFBC}") = "Aven.Resources.Shell.Contracts", "Aven\src\Resources\Shell\Aven.Resources.Shell.Contracts\Aven.Resources.Shell.Contracts.csproj", "{7C8F0304-5CC2-4ACB-92F5-F8A7A6E74A33}"
EndProject
Project("{FAE04EC0-301F-11D3-BF4B-00C04F79EFBC}") = "Aven.Resources.Shell", "Aven\src\Resources\Shell\Aven.Resources.Shell\Aven.Resources.Shell.csproj", "{0A4F9E2D-7D1D-4638-A4D0-1763F01FAD21}"
EndProject
Project("{FAE04EC0-301F-11D3-BF4B-00C04F79EFBC}") = "Aven.Resources.Contracts", "Aven\src\Aven.Resources.Contracts\Aven.Resources.Contracts.csproj", "{E464F50B-EE2D-47DD-A70A-5959C5665D1A}"
EndProject
Project("{2150E333-8FDC-42A3-9474-1A3956D46DE8}") = "Shell", "Shell", "{90948320-52D0-4C2C-85E4-4E78908F795F}"
EndProject
Project("{FAE04EC0-301F-11D3-BF4B-00C04F79EFBC}") = "Aven.Sidecar.Protocol", "Aven\src\Aven.Sidecar.Protocol\Aven.Sidecar.Protocol.csproj", "{C9AD759B-8B1B-4349-ABFB-C7C851A2621F}"
EndProject
Project("{FAE04EC0-301F-11D3-BF4B-00C04F79EFBC}") = "Aven.Tests.Sidecar", "Aven\tests\Aven.Tests.Sidecar\Aven.Tests.Sidecar.csproj", "{2835EA88-6DA3-4899-942F-EF438B6ACF40}"
EndProject
Project("{FAE04EC0-301F-11D3-BF4B-00C04F79EFBC}") = "Aven.Sidecar", "Aven\src\Aven.Sidecar\Aven.Sidecar.csproj", "{284F7D11-B269-4AB0-A064-4DC3242B9342}"
EndProject
Global
	GlobalSection(SolutionConfigurationPlatforms) = preSolution
		Debug|Any CPU = Debug|Any CPU
		Debug|x64 = Debug|x64
		Debug|x86 = Debug|x86
		Release|Any CPU = Release|Any CPU
		Release|x64 = Release|x64
		Release|x86 = Release|x86
	EndGlobalSection
	GlobalSection(ProjectConfigurationPlatforms) = postSolution
		{F3F99790-AD39-42B2-BDF8-01BBEAC50949}.Debug|Any CPU.ActiveCfg = Debug|Any CPU
		{F3F99790-AD39-42B2-BDF8-01BBEAC50949}.Debug|Any CPU.Build.0 = Debug|Any CPU
		{F3F99790-AD39-42B2-BDF8-01BBEAC50949}.Debug|x64.ActiveCfg = Debug|Any CPU
		{F3F99790-AD39-42B2-BDF8-01BBEAC50949}.Debug|x64.Build.0 = Debug|Any CPU
		{F3F99790-AD39-42B2-BDF8-01BBEAC50949}.Debug|x86.ActiveCfg = Debug|Any CPU
		{F3F99790-AD39-42B2-BDF8-01BBEAC50949}.Debug|x86.Build.0 = Debug|Any CPU
		{F3F99790-AD39-42B2-BDF8-01BBEAC50949}.Release|Any CPU.ActiveCfg = Release|Any CPU
		{F3F99790-AD39-42B2-BDF8-01BBEAC50949}.Release|Any CPU.Build.0 = Release|Any CPU
		{F3F99790-AD39-42B2-BDF8-01BBEAC50949}.Release|x64.ActiveCfg = Release|Any CPU
		{F3F99790-AD39-42B2-BDF8-01BBEAC50949}.Release|x64.Build.0 = Release|Any CPU
		{F3F99790-AD39-42B2-BDF8-01BBEAC50949}.Release|x86.ActiveCfg = Release|Any CPU
		{F3F99790-AD39-42B2-BDF8-01BBEAC50949}.Release|x86.Build.0 = Release|Any CPU
		{7B3D5A19-9F6B-4209-A4C8-C31A820E14F9}.Debug|Any CPU.ActiveCfg = Debug|Any CPU
		{7B3D5A19-9F6B-4209-A4C8-C31A820E14F9}.Debug|Any CPU.Build.0 = Debug|Any CPU
		{7B3D5A19-9F6B-4209-A4C8-C31A820E14F9}.Debug|x64.ActiveCfg = Debug|Any CPU
		{7B3D5A19-9F6B-4209-A4C8-C31A820E14F9}.Debug|x64.Build.0 = Debug|Any CPU
		{7B3D5A19-9F6B-4209-A4C8-C31A820E14F9}.Debug|x86.ActiveCfg = Debug|Any CPU
		{7B3D5A19-9F6B-4209-A4C8-C31A820E14F9}.Debug|x86.Build.0 = Debug|Any CPU
		{7B3D5A19-9F6B-4209-A4C8-C31A820E14F9}.Release|Any CPU.ActiveCfg = Release|Any CPU
		{7B3D5A19-9F6B-4209-A4C8-C31A820E14F9}.Release|Any CPU.Build.0 = Release|Any CPU
		{7B3D5A19-9F6B-4209-A4C8-C31A820E14F9}.Release|x64.ActiveCfg = Release|Any CPU
		{7B3D5A19-9F6B-4209-A4C8-C31A820E14F9}.Release|x64.Build.0 = Release|Any CPU
		{7B3D5A19-9F6B-4209-A4C8-C31A820E14F9}.Release|x86.ActiveCfg = Release|Any CPU
		{7B3D5A19-9F6B-4209-A4C8-C31A820E14F9}.Release|x86.Build.0 = Release|Any CPU
		{8B62D299-5A8C-4F5E-B73F-33DAFF9E819C}.Debug|Any CPU.ActiveCfg = Debug|Any CPU
		{8B62D299-5A8C-4F5E-B73F-33DAFF9E819C}.Debug|Any CPU.Build.0 = Debug|Any CPU
		{8B62D299-5A8C-4F5E-B73F-33DAFF9E819C}.Debug|x64.ActiveCfg = Debug|Any CPU
		{8B62D299-5A8C-4F5E-B73F-33DAFF9E819C}.Debug|x64.Build.0 = Debug|Any CPU
		{8B62D299-5A8C-4F5E-B73F-33DAFF9E819C}.Debug|x86.ActiveCfg = Debug|Any CPU
		{8B62D299-5A8C-4F5E-B73F-33DAFF9E819C}.Debug|x86.Build.0 = Debug|Any CPU
		{8B62D299-5A8C-4F5E-B73F-33DAFF9E819C}.Release|Any CPU.ActiveCfg = Release|Any CPU
		{8B62D299-5A8C-4F5E-B73F-33DAFF9E819C}.Release|Any CPU.Build.0 = Release|Any CPU
		{8B62D299-5A8C-4F5E-B73F-33DAFF9E819C}.Release|x64.ActiveCfg = Release|Any CPU
		{8B62D299-5A8C-4F5E-B73F-33DAFF9E819C}.Release|x64.Build.0 = Release|Any CPU
		{8B62D299-5A8C-4F5E-B73F-33DAFF9E819C}.Release|x86.ActiveCfg = Release|Any CPU
		{8B62D299-5A8C-4F5E-B73F-33DAFF9E819C}.Release|x86.Build.0 = Release|Any CPU
		{5090EE85-472A-4856-ABEE-6DC7302A7F50}.Debug|Any CPU.ActiveCfg = Debug|Any CPU
		{5090EE85-472A-4856-ABEE-6DC7302A7F50}.Debug|Any CPU.Build.0 = Debug|Any CPU
		{5090EE85-472A-4856-ABEE-6DC7302A7F50}.Debug|x64.ActiveCfg = Debug|Any CPU
		{5090EE85-472A-4856-ABEE-6DC7302A7F50}.Debug|x64.Build.0 = Debug|Any CPU
		{5090EE85-472A-4856-ABEE-6DC7302A7F50}.Debug|x86.ActiveCfg = Debug|Any CPU
		{5090EE85-472A-4856-ABEE-6DC7302A7F50}.Debug|x86.Build.0 = Debug|Any CPU
		{5090EE85-472A-4856-ABEE-6DC7302A7F50}.Release|Any CPU.ActiveCfg = Release|Any CPU
		{5090EE85-472A-4856-ABEE-6DC7302A7F50}.Release|Any CPU.Build.0 = Release|Any CPU
		{5090EE85-472A-4856-ABEE-6DC7302A7F50}.Release|x64.ActiveCfg = Release|Any CPU
		{5090EE85-472A-4856-ABEE-6DC7302A7F50}.Release|x64.Build.0 = Release|Any CPU
		{5090EE85-472A-4856-ABEE-6DC7302A7F50}.Release|x86.ActiveCfg = Release|Any CPU
		{5090EE85-472A-4856-ABEE-6DC7302A7F50}.Release|x86.Build.0 = Release|Any CPU
		{4F91B7B5-B774-4618-8420-496D05926892}.Debug|Any CPU.ActiveCfg = Debug|Any CPU
		{4F91B7B5-B774-4618-8420-496D05926892}.Debug|Any CPU.Build.0 = Debug|Any CPU
		{4F91B7B5-B774-4618-8420-496D05926892}.Debug|x64.ActiveCfg = Debug|Any CPU
		{4F91B7B5-B774-4618-8420-496D05926892}.Debug|x64.Build.0 = Debug|Any CPU
		{4F91B7B5-B774-4618-8420-496D05926892}.Debug|x86.ActiveCfg = Debug|Any CPU
		{4F91B7B5-B774-4618-8420-496D05926892}.Debug|x86.Build.0 = Debug|Any CPU
		{4F91B7B5-B774-4618-8420-496D05926892}.Release|Any CPU.ActiveCfg = Release|Any CPU
		{4F91B7B5-B774-4618-8420-496D05926892}.Release|Any CPU.Build.0 = Release|Any CPU
		{4F91B7B5-B774-4618-8420-496D05926892}.Release|x64.ActiveCfg = Release|Any CPU
		{4F91B7B5-B774-4618-8420-496D05926892}.Release|x64.Build.0 = Release|Any CPU
		{4F91B7B5-B774-4618-8420-496D05926892}.Release|x86.ActiveCfg = Release|Any CPU
		{4F91B7B5-B774-4618-8420-496D05926892}.Release|x86.Build.0 = Release|Any CPU
		{A8E47AD7-8D9E-41EE-88BE-06B9C4EFDC86}.Debug|Any CPU.ActiveCfg = Debug|Any CPU
		{A8E47AD7-8D9E-41EE-88BE-06B9C4EFDC86}.Debug|Any CPU.Build.0 = Debug|Any CPU
		{A8E47AD7-8D9E-41EE-88BE-06B9C4EFDC86}.Debug|x64.ActiveCfg = Debug|Any CPU
		{A8E47AD7-8D9E-41EE-88BE-06B9C4EFDC86}.Debug|x64.Build.0 = Debug|Any CPU
		{A8E47AD7-8D9E-41EE-88BE-06B9C4EFDC86}.Debug|x86.ActiveCfg = Debug|Any CPU
		{A8E47AD7-8D9E-41EE-88BE-06B9C4EFDC86}.Debug|x86.Build.0 = Debug|Any CPU
		{A8E47AD7-8D9E-41EE-88BE-06B9C4EFDC86}.Release|Any CPU.ActiveCfg = Release|Any CPU
		{A8E47AD7-8D9E-41EE-88BE-06B9C4EFDC86}.Release|Any CPU.Build.0 = Release|Any CPU
		{A8E47AD7-8D9E-41EE-88BE-06B9C4EFDC86}.Release|x64.ActiveCfg = Release|Any CPU
		{A8E47AD7-8D9E-41EE-88BE-06B9C4EFDC86}.Release|x64.Build.0 = Release|Any CPU
		{A8E47AD7-8D9E-41EE-88BE-06B9C4EFDC86}.Release|x86.ActiveCfg = Release|Any CPU
		{A8E47AD7-8D9E-41EE-88BE-06B9C4EFDC86}.Release|x86.Build.0 = Release|Any CPU
		{8FB301F6-2993-4E49-AC10-B825A5D998C7}.Debug|Any CPU.ActiveCfg = Debug|Any CPU
		{8FB301F6-2993-4E49-AC10-B825A5D998C7}.Debug|Any CPU.Build.0 = Debug|Any CPU
		{8FB301F6-2993-4E49-AC10-B825A5D998C7}.Debug|x64.ActiveCfg = Debug|Any CPU
		{8FB301F6-2993-4E49-AC10-B825A5D998C7}.Debug|x64.Build.0 = Debug|Any CPU
		{8FB301F6-2993-4E49-AC10-B825A5D998C7}.Debug|x86.ActiveCfg = Debug|Any CPU
		{8FB301F6-2993-4E49-AC10-B825A5D998C7}.Debug|x86.Build.0 = Debug|Any CPU
		{8FB301F6-2993-4E49-AC10-B825A5D998C7}.Release|Any CPU.ActiveCfg = Release|Any CPU
		{8FB301F6-2993-4E49-AC10-B825A5D998C7}.Release|Any CPU.Build.0 = Release|Any CPU
		{8FB301F6-2993-4E49-AC10-B825A5D998C7}.Release|x64.ActiveCfg = Release|Any CPU
		{8FB301F6-2993-4E49-AC10-B825A5D998C7}.Release|x64.Build.0 = Release|Any CPU
		{8FB301F6-2993-4E49-AC10-B825A5D998C7}.Release|x86.ActiveCfg = Release|Any CPU
		{8FB301F6-2993-4E49-AC10-B825A5D998C7}.Release|x86.Build.0 = Release|Any CPU
		{BB787C51-55F2-45CE-BEF7-F885D458676D}.Debug|Any CPU.ActiveCfg = Debug|Any CPU
		{BB787C51-55F2-45CE-BEF7-F885D458676D}.Debug|Any CPU.Build.0 = Debug|Any CPU
		{BB787C51-55F2-45CE-BEF7-F885D458676D}.Debug|x64.ActiveCfg = Debug|Any CPU
		{BB787C51-55F2-45CE-BEF7-F885D458676D}.Debug|x64.Build.0 = Debug|Any CPU
		{BB787C51-55F2-45CE-BEF7-F885D458676D}.Debug|x86.ActiveCfg = Debug|Any CPU
		{BB787C51-55F2-45CE-BEF7-F885D458676D}.Debug|x86.Build.0 = Debug|Any CPU
		{BB787C51-55F2-45CE-BEF7-F885D458676D}.Release|Any CPU.ActiveCfg = Release|Any CPU
		{BB787C51-55F2-45CE-BEF7-F885D458676D}.Release|Any CPU.Build.0 = Release|Any CPU
		{BB787C51-55F2-45CE-BEF7-F885D458676D}.Release|x64.ActiveCfg = Release|Any CPU
		{BB787C51-55F2-45CE-BEF7-F885D458676D}.Release|x64.Build.0 = Release|Any CPU
		{BB787C51-55F2-45CE-BEF7-F885D458676D}.Release|x86.ActiveCfg = Release|Any CPU
		{BB787C51-55F2-45CE-BEF7-F885D458676D}.Release|x86.Build.0 = Release|Any CPU
		{18CA6012-2063-4E88-B473-4E22E4EE02B0}.Debug|Any CPU.ActiveCfg = Debug|Any CPU
		{18CA6012-2063-4E88-B473-4E22E4EE02B0}.Debug|Any CPU.Build.0 = Debug|Any CPU
		{18CA6012-2063-4E88-B473-4E22E4EE02B0}.Debug|x64.ActiveCfg = Debug|Any CPU
		{18CA6012-2063-4E88-B473-4E22E4EE02B0}.Debug|x64.Build.0 = Debug|Any CPU
		{18CA6012-2063-4E88-B473-4E22E4EE02B0}.Debug|x86.ActiveCfg = Debug|Any CPU
		{18CA6012-2063-4E88-B473-4E22E4EE02B0}.Debug|x86.Build.0 = Debug|Any CPU
		{18CA6012-2063-4E88-B473-4E22E4EE02B0}.Release|Any CPU.ActiveCfg = Release|Any CPU
		{18CA6012-2063-4E88-B473-4E22E4EE02B0}.Release|Any CPU.Build.0 = Release|Any CPU
		{18CA6012-2063-4E88-B473-4E22E4EE02B0}.Release|x64.ActiveCfg = Release|Any CPU
		{18CA6012-2063-4E88-B473-4E22E4EE02B0}.Release|x64.Build.0 = Release|Any CPU
		{18CA6012-2063-4E88-B473-4E22E4EE02B0}.Release|x86.ActiveCfg = Release|Any CPU
		{18CA6012-2063-4E88-B473-4E22E4EE02B0}.Release|x86.Build.0 = Release|Any CPU
		{E8540C03-9EA3-40F1-8133-2CFD66F9C728}.Debug|Any CPU.ActiveCfg = Debug|Any CPU
		{E8540C03-9EA3-40F1-8133-2CFD66F9C728}.Debug|Any CPU.Build.0 = Debug|Any CPU
		{E8540C03-9EA3-40F1-8133-2CFD66F9C728}.Debug|x64.ActiveCfg = Debug|Any CPU
		{E8540C03-9EA3-40F1-8133-2CFD66F9C728}.Debug|x64.Build.0 = Debug|Any CPU
		{E8540C03-9EA3-40F1-8133-2CFD66F9C728}.Debug|x86.ActiveCfg = Debug|Any CPU
		{E8540C03-9EA3-40F1-8133-2CFD66F9C728}.Debug|x86.Build.0 = Debug|Any CPU
		{E8540C03-9EA3-40F1-8133-2CFD66F9C728}.Release|Any CPU.ActiveCfg = Release|Any CPU
		{E8540C03-9EA3-40F1-8133-2CFD66F9C728}.Release|Any CPU.Build.0 = Release|Any CPU
		{E8540C03-9EA3-40F1-8133-2CFD66F9C728}.Release|x64.ActiveCfg = Release|Any CPU
		{E8540C03-9EA3-40F1-8133-2CFD66F9C728}.Release|x64.Build.0 = Release|Any CPU
		{E8540C03-9EA3-40F1-8133-2CFD66F9C728}.Release|x86.ActiveCfg = Release|Any CPU
		{E8540C03-9EA3-40F1-8133-2CFD66F9C728}.Release|x86.Build.0 = Release|Any CPU
		{DA7C44B6-1ECF-486B-9152-81065EDBD430}.Debug|Any CPU.ActiveCfg = Debug|Any CPU
		{DA7C44B6-1ECF-486B-9152-81065EDBD430}.Debug|Any CPU.Build.0 = Debug|Any CPU
		{DA7C44B6-1ECF-486B-9152-81065EDBD430}.Debug|x64.ActiveCfg = Debug|Any CPU
		{DA7C44B6-1ECF-486B-9152-81065EDBD430}.Debug|x64.Build.0 = Debug|Any CPU
		{DA7C44B6-1ECF-486B-9152-81065EDBD430}.Debug|x86.ActiveCfg = Debug|Any CPU
		{DA7C44B6-1ECF-486B-9152-81065EDBD430}.Debug|x86.Build.0 = Debug|Any CPU
		{DA7C44B6-1ECF-486B-9152-81065EDBD430}.Release|Any CPU.ActiveCfg = Release|Any CPU
		{DA7C44B6-1ECF-486B-9152-81065EDBD430}.Release|Any CPU.Build.0 = Release|Any CPU
		{DA7C44B6-1ECF-486B-9152-81065EDBD430}.Release|x64.ActiveCfg = Release|Any CPU
		{DA7C44B6-1ECF-486B-9152-81065EDBD430}.Release|x64.Build.0 = Release|Any CPU
		{DA7C44B6-1ECF-486B-9152-81065EDBD430}.Release|x86.ActiveCfg = Release|Any CPU
		{DA7C44B6-1ECF-486B-9152-81065EDBD430}.Release|x86.Build.0 = Release|Any CPU
		{77AC66EB-B775-4763-BB05-281E824597BC}.Debug|Any CPU.ActiveCfg = Debug|Any CPU
		{77AC66EB-B775-4763-BB05-281E824597BC}.Debug|Any CPU.Build.0 = Debug|Any CPU
		{59EA8BDB-B0E1-4998-9CA9-5567FE7DC222}.Debug|Any CPU.ActiveCfg = Debug|Any CPU
		{59EA8BDB-B0E1-4998-9CA9-5567FE7DC222}.Debug|Any CPU.Build.0 = Debug|Any CPU
		{59EA8BDB-B0E1-4998-9CA9-5567FE7DC222}.Debug|x64.ActiveCfg = Debug|Any CPU
		{59EA8BDB-B0E1-4998-9CA9-5567FE7DC222}.Debug|x64.Build.0 = Debug|Any CPU
		{59EA8BDB-B0E1-4998-9CA9-5567FE7DC222}.Debug|x86.ActiveCfg = Debug|Any CPU
		{59EA8BDB-B0E1-4998-9CA9-5567FE7DC222}.Debug|x86.Build.0 = Debug|Any CPU
		{59EA8BDB-B0E1-4998-9CA9-5567FE7DC222}.Release|Any CPU.ActiveCfg = Release|Any CPU
		{59EA8BDB-B0E1-4998-9CA9-5567FE7DC222}.Release|Any CPU.Build.0 = Release|Any CPU
		{59EA8BDB-B0E1-4998-9CA9-5567FE7DC222}.Release|x64.ActiveCfg = Release|Any CPU
		{59EA8BDB-B0E1-4998-9CA9-5567FE7DC222}.Release|x64.Build.0 = Release|Any CPU
		{59EA8BDB-B0E1-4998-9CA9-5567FE7DC222}.Release|x86.ActiveCfg = Release|Any CPU
		{59EA8BDB-B0E1-4998-9CA9-5567FE7DC222}.Release|x86.Build.0 = Release|Any CPU
		{641BE6BD-5737-4161-9B40-864E53416E02}.Debug|Any CPU.ActiveCfg = Debug|Any CPU
		{641BE6BD-5737-4161-9B40-864E53416E02}.Debug|Any CPU.Build.0 = Debug|Any CPU
		{641BE6BD-5737-4161-9B40-864E53416E02}.Debug|x64.ActiveCfg = Debug|Any CPU
		{641BE6BD-5737-4161-9B40-864E53416E02}.Debug|x64.Build.0 = Debug|Any CPU
		{641BE6BD-5737-4161-9B40-864E53416E02}.Debug|x86.ActiveCfg = Debug|Any CPU
		{641BE6BD-5737-4161-9B40-864E53416E02}.Debug|x86.Build.0 = Debug|Any CPU
		{641BE6BD-5737-4161-9B40-864E53416E02}.Release|Any CPU.ActiveCfg = Release|Any CPU
		{641BE6BD-5737-4161-9B40-864E53416E02}.Release|Any CPU.Build.0 = Release|Any CPU
		{641BE6BD-5737-4161-9B40-864E53416E02}.Release|x64.ActiveCfg = Release|Any CPU
		{641BE6BD-5737-4161-9B40-864E53416E02}.Release|x64.Build.0 = Release|Any CPU
		{641BE6BD-5737-4161-9B40-864E53416E02}.Release|x86.ActiveCfg = Release|Any CPU
		{641BE6BD-5737-4161-9B40-864E53416E02}.Release|x86.Build.0 = Release|Any CPU
		{7FB9EA5A-FA83-4331-A6A6-1BE804BB5E8D}.Debug|Any CPU.ActiveCfg = Debug|Any CPU
		{7FB9EA5A-FA83-4331-A6A6-1BE804BB5E8D}.Debug|Any CPU.Build.0 = Debug|Any CPU
		{7FB9EA5A-FA83-4331-A6A6-1BE804BB5E8D}.Debug|x64.ActiveCfg = Debug|Any CPU
		{7FB9EA5A-FA83-4331-A6A6-1BE804BB5E8D}.Debug|x64.Build.0 = Debug|Any CPU
		{7FB9EA5A-FA83-4331-A6A6-1BE804BB5E8D}.Debug|x86.ActiveCfg = Debug|Any CPU
		{7FB9EA5A-FA83-4331-A6A6-1BE804BB5E8D}.Debug|x86.Build.0 = Debug|Any CPU
		{7FB9EA5A-FA83-4331-A6A6-1BE804BB5E8D}.Release|Any CPU.ActiveCfg = Release|Any CPU
		{7FB9EA5A-FA83-4331-A6A6-1BE804BB5E8D}.Release|Any CPU.Build.0 = Release|Any CPU
		{7FB9EA5A-FA83-4331-A6A6-1BE804BB5E8D}.Release|x64.ActiveCfg = Release|Any CPU
		{7FB9EA5A-FA83-4331-A6A6-1BE804BB5E8D}.Release|x64.Build.0 = Release|Any CPU
		{7FB9EA5A-FA83-4331-A6A6-1BE804BB5E8D}.Release|x86.ActiveCfg = Release|Any CPU
		{7FB9EA5A-FA83-4331-A6A6-1BE804BB5E8D}.Release|x86.Build.0 = Release|Any CPU
		{A6A7F037-8C85-4775-99AC-D0FBE56062FF}.Debug|Any CPU.ActiveCfg = Debug|Any CPU
		{A6A7F037-8C85-4775-99AC-D0FBE56062FF}.Debug|Any CPU.Build.0 = Debug|Any CPU
		{A6A7F037-8C85-4775-99AC-D0FBE56062FF}.Debug|x64.ActiveCfg = Debug|Any CPU
		{A6A7F037-8C85-4775-99AC-D0FBE56062FF}.Debug|x64.Build.0 = Debug|Any CPU
		{A6A7F037-8C85-4775-99AC-D0FBE56062FF}.Debug|x86.ActiveCfg = Debug|Any CPU
		{A6A7F037-8C85-4775-99AC-D0FBE56062FF}.Debug|x86.Build.0 = Debug|Any CPU
		{A6A7F037-8C85-4775-99AC-D0FBE56062FF}.Release|Any CPU.ActiveCfg = Release|Any CPU
		{A6A7F037-8C85-4775-99AC-D0FBE56062FF}.Release|Any CPU.Build.0 = Release|Any CPU
		{A6A7F037-8C85-4775-99AC-D0FBE56062FF}.Release|x64.ActiveCfg = Release|Any CPU
		{A6A7F037-8C85-4775-99AC-D0FBE56062FF}.Release|x64.Build.0 = Release|Any CPU
		{A6A7F037-8C85-4775-99AC-D0FBE56062FF}.Release|x86.ActiveCfg = Release|Any CPU
		{A6A7F037-8C85-4775-99AC-D0FBE56062FF}.Release|x86.Build.0 = Release|Any CPU
		{BD8E2E7F-D7C9-404A-A75F-34F134E21B9E}.Debug|Any CPU.ActiveCfg = Debug|Any CPU
		{BD8E2E7F-D7C9-404A-A75F-34F134E21B9E}.Debug|Any CPU.Build.0 = Debug|Any CPU
		{BD8E2E7F-D7C9-404A-A75F-34F134E21B9E}.Debug|x64.ActiveCfg = Debug|Any CPU
		{BD8E2E7F-D7C9-404A-A75F-34F134E21B9E}.Debug|x64.Build.0 = Debug|Any CPU
		{BD8E2E7F-D7C9-404A-A75F-34F134E21B9E}.Debug|x86.ActiveCfg = Debug|Any CPU
		{BD8E2E7F-D7C9-404A-A75F-34F134E21B9E}.Debug|x86.Build.0 = Debug|Any CPU
		{BD8E2E7F-D7C9-404A-A75F-34F134E21B9E}.Release|Any CPU.ActiveCfg = Release|Any CPU
		{BD8E2E7F-D7C9-404A-A75F-34F134E21B9E}.Release|Any CPU.Build.0 = Release|Any CPU
		{BD8E2E7F-D7C9-404A-A75F-34F134E21B9E}.Release|x64.ActiveCfg = Release|Any CPU
		{BD8E2E7F-D7C9-404A-A75F-34F134E21B9E}.Release|x64.Build.0 = Release|Any CPU
		{BD8E2E7F-D7C9-404A-A75F-34F134E21B9E}.Release|x86.ActiveCfg = Release|Any CPU
		{BD8E2E7F-D7C9-404A-A75F-34F134E21B9E}.Release|x86.Build.0 = Release|Any CPU
		{F023355C-B7C4-440D-A456-F185C6F85612}.Debug|Any CPU.ActiveCfg = Debug|Any CPU
		{F023355C-B7C4-440D-A456-F185C6F85612}.Debug|Any CPU.Build.0 = Debug|Any CPU
		{F023355C-B7C4-440D-A456-F185C6F85612}.Debug|x64.ActiveCfg = Debug|Any CPU
		{F023355C-B7C4-440D-A456-F185C6F85612}.Debug|x64.Build.0 = Debug|Any CPU
		{F023355C-B7C4-440D-A456-F185C6F85612}.Debug|x86.ActiveCfg = Debug|Any CPU
		{F023355C-B7C4-440D-A456-F185C6F85612}.Debug|x86.Build.0 = Debug|Any CPU
		{F023355C-B7C4-440D-A456-F185C6F85612}.Release|Any CPU.ActiveCfg = Release|Any CPU
		{F023355C-B7C4-440D-A456-F185C6F85612}.Release|Any CPU.Build.0 = Release|Any CPU
		{F023355C-B7C4-440D-A456-F185C6F85612}.Release|x64.ActiveCfg = Release|Any CPU
		{F023355C-B7C4-440D-A456-F185C6F85612}.Release|x64.Build.0 = Release|Any CPU
		{F023355C-B7C4-440D-A456-F185C6F85612}.Release|x86.ActiveCfg = Release|Any CPU
		{F023355C-B7C4-440D-A456-F185C6F85612}.Release|x86.Build.0 = Release|Any CPU
		{D8B6F8FD-2FC8-468B-896A-B9A6BF825BFD}.Debug|Any CPU.ActiveCfg = Debug|Any CPU
		{D8B6F8FD-2FC8-468B-896A-B9A6BF825BFD}.Debug|Any CPU.Build.0 = Debug|Any CPU
		{D8B6F8FD-2FC8-468B-896A-B9A6BF825BFD}.Debug|x64.ActiveCfg = Debug|Any CPU
		{D8B6F8FD-2FC8-468B-896A-B9A6BF825BFD}.Debug|x64.Build.0 = Debug|Any CPU
		{D8B6F8FD-2FC8-468B-896A-B9A6BF825BFD}.Debug|x86.ActiveCfg = Debug|Any CPU
		{D8B6F8FD-2FC8-468B-896A-B9A6BF825BFD}.Debug|x86.Build.0 = Debug|Any CPU
		{D8B6F8FD-2FC8-468B-896A-B9A6BF825BFD}.Release|Any CPU.ActiveCfg = Release|Any CPU
		{D8B6F8FD-2FC8-468B-896A-B9A6BF825BFD}.Release|Any CPU.Build.0 = Release|Any CPU
		{D8B6F8FD-2FC8-468B-896A-B9A6BF825BFD}.Release|x64.ActiveCfg = Release|Any CPU
		{D8B6F8FD-2FC8-468B-896A-B9A6BF825BFD}.Release|x64.Build.0 = Release|Any CPU
		{D8B6F8FD-2FC8-468B-896A-B9A6BF825BFD}.Release|x86.ActiveCfg = Release|Any CPU
		{D8B6F8FD-2FC8-468B-896A-B9A6BF825BFD}.Release|x86.Build.0 = Release|Any CPU
		{9983DC4B-0595-4F80-86C4-F10788C433A8}.Debug|Any CPU.ActiveCfg = Debug|Any CPU
		{9983DC4B-0595-4F80-86C4-F10788C433A8}.Debug|Any CPU.Build.0 = Debug|Any CPU
		{9983DC4B-0595-4F80-86C4-F10788C433A8}.Debug|x64.ActiveCfg = Debug|Any CPU
		{9983DC4B-0595-4F80-86C4-F10788C433A8}.Debug|x64.Build.0 = Debug|Any CPU
		{9983DC4B-0595-4F80-86C4-F10788C433A8}.Debug|x86.ActiveCfg = Debug|Any CPU
		{9983DC4B-0595-4F80-86C4-F10788C433A8}.Debug|x86.Build.0 = Debug|Any CPU
		{9983DC4B-0595-4F80-86C4-F10788C433A8}.Release|Any CPU.ActiveCfg = Release|Any CPU
		{9983DC4B-0595-4F80-86C4-F10788C433A8}.Release|Any CPU.Build.0 = Release|Any CPU
		{9983DC4B-0595-4F80-86C4-F10788C433A8}.Release|x64.ActiveCfg = Release|Any CPU
		{9983DC4B-0595-4F80-86C4-F10788C433A8}.Release|x64.Build.0 = Release|Any CPU
		{9983DC4B-0595-4F80-86C4-F10788C433A8}.Release|x86.ActiveCfg = Release|Any CPU
		{9983DC4B-0595-4F80-86C4-F10788C433A8}.Release|x86.Build.0 = Release|Any CPU
		{356D1CE2-9F33-45A3-A025-AD9F1A434DD7}.Debug|Any CPU.ActiveCfg = Debug|Any CPU
		{356D1CE2-9F33-45A3-A025-AD9F1A434DD7}.Debug|Any CPU.Build.0 = Debug|Any CPU
		{356D1CE2-9F33-45A3-A025-AD9F1A434DD7}.Debug|x64.ActiveCfg = Debug|Any CPU
		{356D1CE2-9F33-45A3-A025-AD9F1A434DD7}.Debug|x64.Build.0 = Debug|Any CPU
		{356D1CE2-9F33-45A3-A025-AD9F1A434DD7}.Debug|x86.ActiveCfg = Debug|Any CPU
		{356D1CE2-9F33-45A3-A025-AD9F1A434DD7}.Debug|x86.Build.0 = Debug|Any CPU
		{356D1CE2-9F33-45A3-A025-AD9F1A434DD7}.Release|Any CPU.ActiveCfg = Release|Any CPU
		{356D1CE2-9F33-45A3-A025-AD9F1A434DD7}.Release|Any CPU.Build.0 = Release|Any CPU
		{356D1CE2-9F33-45A3-A025-AD9F1A434DD7}.Release|x64.ActiveCfg = Release|Any CPU
		{356D1CE2-9F33-45A3-A025-AD9F1A434DD7}.Release|x64.Build.0 = Release|Any CPU
		{356D1CE2-9F33-45A3-A025-AD9F1A434DD7}.Release|x86.ActiveCfg = Release|Any CPU
		{356D1CE2-9F33-45A3-A025-AD9F1A434DD7}.Release|x86.Build.0 = Release|Any CPU
		{DB92B13B-8DA1-47F8-AC5B-2B401EA92AC4}.Debug|Any CPU.ActiveCfg = Debug|Any CPU
		{DB92B13B-8DA1-47F8-AC5B-2B401EA92AC4}.Debug|Any CPU.Build.0 = Debug|Any CPU
		{DB92B13B-8DA1-47F8-AC5B-2B401EA92AC4}.Debug|x64.ActiveCfg = Debug|Any CPU
		{DB92B13B-8DA1-47F8-AC5B-2B401EA92AC4}.Debug|x64.Build.0 = Debug|Any CPU
		{DB92B13B-8DA1-47F8-AC5B-2B401EA92AC4}.Debug|x86.ActiveCfg = Debug|Any CPU
		{DB92B13B-8DA1-47F8-AC5B-2B401EA92AC4}.Debug|x86.Build.0 = Debug|Any CPU
		{DB92B13B-8DA1-47F8-AC5B-2B401EA92AC4}.Release|Any CPU.ActiveCfg = Release|Any CPU
		{DB92B13B-8DA1-47F8-AC5B-2B401EA92AC4}.Release|Any CPU.Build.0 = Release|Any CPU
		{DB92B13B-8DA1-47F8-AC5B-2B401EA92AC4}.Release|x64.ActiveCfg = Release|Any CPU
		{DB92B13B-8DA1-47F8-AC5B-2B401EA92AC4}.Release|x64.Build.0 = Release|Any CPU
		{DB92B13B-8DA1-47F8-AC5B-2B401EA92AC4}.Release|x86.ActiveCfg = Release|Any CPU
		{DB92B13B-8DA1-47F8-AC5B-2B401EA92AC4}.Release|x86.Build.0 = Release|Any CPU
		{EAB69A13-5794-4167-A301-E56CD199DC3E}.Debug|Any CPU.ActiveCfg = Debug|Any CPU
		{EAB69A13-5794-4167-A301-E56CD199DC3E}.Debug|Any CPU.Build.0 = Debug|Any CPU
		{EAB69A13-5794-4167-A301-E56CD199DC3E}.Debug|x64.ActiveCfg = Debug|Any CPU
		{EAB69A13-5794-4167-A301-E56CD199DC3E}.Debug|x64.Build.0 = Debug|Any CPU
		{EAB69A13-5794-4167-A301-E56CD199DC3E}.Debug|x86.ActiveCfg = Debug|Any CPU
		{EAB69A13-5794-4167-A301-E56CD199DC3E}.Debug|x86.Build.0 = Debug|Any CPU
		{EAB69A13-5794-4167-A301-E56CD199DC3E}.Release|Any CPU.ActiveCfg = Release|Any CPU
		{EAB69A13-5794-4167-A301-E56CD199DC3E}.Release|Any CPU.Build.0 = Release|Any CPU
		{EAB69A13-5794-4167-A301-E56CD199DC3E}.Release|x64.ActiveCfg = Release|Any CPU
		{EAB69A13-5794-4167-A301-E56CD199DC3E}.Release|x64.Build.0 = Release|Any CPU
		{EAB69A13-5794-4167-A301-E56CD199DC3E}.Release|x86.ActiveCfg = Release|Any CPU
		{EAB69A13-5794-4167-A301-E56CD199DC3E}.Release|x86.Build.0 = Release|Any CPU
		{632D08A6-C2E2-4E4D-B95C-CD1C9CD35B68}.Debug|Any CPU.ActiveCfg = Debug|Any CPU
		{632D08A6-C2E2-4E4D-B95C-CD1C9CD35B68}.Debug|Any CPU.Build.0 = Debug|Any CPU
		{632D08A6-C2E2-4E4D-B95C-CD1C9CD35B68}.Debug|x64.ActiveCfg = Debug|Any CPU
		{632D08A6-C2E2-4E4D-B95C-CD1C9CD35B68}.Debug|x64.Build.0 = Debug|Any CPU
		{632D08A6-C2E2-4E4D-B95C-CD1C9CD35B68}.Debug|x86.ActiveCfg = Debug|Any CPU
		{632D08A6-C2E2-4E4D-B95C-CD1C9CD35B68}.Debug|x86.Build.0 = Debug|Any CPU
		{632D08A6-C2E2-4E4D-B95C-CD1C9CD35B68}.Release|Any CPU.ActiveCfg = Release|Any CPU
		{632D08A6-C2E2-4E4D-B95C-CD1C9CD35B68}.Release|Any CPU.Build.0 = Release|Any CPU
		{632D08A6-C2E2-4E4D-B95C-CD1C9CD35B68}.Release|x64.ActiveCfg = Release|Any CPU
		{632D08A6-C2E2-4E4D-B95C-CD1C9CD35B68}.Release|x64.Build.0 = Release|Any CPU
		{632D08A6-C2E2-4E4D-B95C-CD1C9CD35B68}.Release|x86.ActiveCfg = Release|Any CPU
		{632D08A6-C2E2-4E4D-B95C-CD1C9CD35B68}.Release|x86.Build.0 = Release|Any CPU
		{1F08AD42-DA0A-46B7-8F97-D8D5FB88B1A0}.Debug|Any CPU.ActiveCfg = Debug|Any CPU
		{1F08AD42-DA0A-46B7-8F97-D8D5FB88B1A0}.Debug|Any CPU.Build.0 = Debug|Any CPU
		{1F08AD42-DA0A-46B7-8F97-D8D5FB88B1A0}.Debug|x64.ActiveCfg = Debug|Any CPU
		{1F08AD42-DA0A-46B7-8F97-D8D5FB88B1A0}.Debug|x64.Build.0 = Debug|Any CPU
		{1F08AD42-DA0A-46B7-8F97-D8D5FB88B1A0}.Debug|x86.ActiveCfg = Debug|Any CPU
		{1F08AD42-DA0A-46B7-8F97-D8D5FB88B1A0}.Debug|x86.Build.0 = Debug|Any CPU
		{1F08AD42-DA0A-46B7-8F97-D8D5FB88B1A0}.Release|Any CPU.ActiveCfg = Release|Any CPU
		{1F08AD42-DA0A-46B7-8F97-D8D5FB88B1A0}.Release|Any CPU.Build.0 = Release|Any CPU
		{1F08AD42-DA0A-46B7-8F97-D8D5FB88B1A0}.Release|x64.ActiveCfg = Release|Any CPU
		{1F08AD42-DA0A-46B7-8F97-D8D5FB88B1A0}.Release|x64.Build.0 = Release|Any CPU
		{1F08AD42-DA0A-46B7-8F97-D8D5FB88B1A0}.Release|x86.ActiveCfg = Release|Any CPU
		{1F08AD42-DA0A-46B7-8F97-D8D5FB88B1A0}.Release|x86.Build.0 = Release|Any CPU
		{EEDECE8A-773D-41D2-9623-3576F5754D46}.Debug|Any CPU.ActiveCfg = Debug|Any CPU
		{EEDECE8A-773D-41D2-9623-3576F5754D46}.Debug|Any CPU.Build.0 = Debug|Any CPU
		{EEDECE8A-773D-41D2-9623-3576F5754D46}.Debug|x64.ActiveCfg = Debug|Any CPU
		{EEDECE8A-773D-41D2-9623-3576F5754D46}.Debug|x64.Build.0 = Debug|Any CPU
		{EEDECE8A-773D-41D2-9623-3576F5754D46}.Debug|x86.ActiveCfg = Debug|Any CPU
		{EEDECE8A-773D-41D2-9623-3576F5754D46}.Debug|x86.Build.0 = Debug|Any CPU
		{EEDECE8A-773D-41D2-9623-3576F5754D46}.Release|Any CPU.ActiveCfg = Release|Any CPU
		{EEDECE8A-773D-41D2-9623-3576F5754D46}.Release|Any CPU.Build.0 = Release|Any CPU
		{EEDECE8A-773D-41D2-9623-3576F5754D46}.Release|x64.ActiveCfg = Release|Any CPU
		{EEDECE8A-773D-41D2-9623-3576F5754D46}.Release|x64.Build.0 = Release|Any CPU
		{EEDECE8A-773D-41D2-9623-3576F5754D46}.Release|x86.ActiveCfg = Release|Any CPU
		{EEDECE8A-773D-41D2-9623-3576F5754D46}.Release|x86.Build.0 = Release|Any CPU
		{A6FF99F5-EDEE-4FB5-A0E0-396B65F6C738}.Debug|Any CPU.ActiveCfg = Debug|Any CPU
		{A6FF99F5-EDEE-4FB5-A0E0-396B65F6C738}.Debug|Any CPU.Build.0 = Debug|Any CPU
		{A6FF99F5-EDEE-4FB5-A0E0-396B65F6C738}.Debug|x64.ActiveCfg = Debug|Any CPU
		{A6FF99F5-EDEE-4FB5-A0E0-396B65F6C738}.Debug|x64.Build.0 = Debug|Any CPU
		{A6FF99F5-EDEE-4FB5-A0E0-396B65F6C738}.Debug|x86.ActiveCfg = Debug|Any CPU
		{A6FF99F5-EDEE-4FB5-A0E0-396B65F6C738}.Debug|x86.Build.0 = Debug|Any CPU
		{A6FF99F5-EDEE-4FB5-A0E0-396B65F6C738}.Release|Any CPU.ActiveCfg = Release|Any CPU
		{A6FF99F5-EDEE-4FB5-A0E0-396B65F6C738}.Release|Any CPU.Build.0 = Release|Any CPU
		{A6FF99F5-EDEE-4FB5-A0E0-396B65F6C738}.Release|x64.ActiveCfg = Release|Any CPU
		{A6FF99F5-EDEE-4FB5-A0E0-396B65F6C738}.Release|x64.Build.0 = Release|Any CPU
		{A6FF99F5-EDEE-4FB5-A0E0-396B65F6C738}.Release|x86.ActiveCfg = Release|Any CPU
		{A6FF99F5-EDEE-4FB5-A0E0-396B65F6C738}.Release|x86.Build.0 = Release|Any CPU
		{4582B682-413C-4069-8399-2B7CAC95A91F}.Debug|Any CPU.ActiveCfg = Debug|Any CPU
		{4582B682-413C-4069-8399-2B7CAC95A91F}.Debug|Any CPU.Build.0 = Debug|Any CPU
		{4582B682-413C-4069-8399-2B7CAC95A91F}.Debug|x64.ActiveCfg = Debug|Any CPU
		{4582B682-413C-4069-8399-2B7CAC95A91F}.Debug|x64.Build.0 = Debug|Any CPU
		{4582B682-413C-4069-8399-2B7CAC95A91F}.Debug|x86.ActiveCfg = Debug|Any CPU
		{4582B682-413C-4069-8399-2B7CAC95A91F}.Debug|x86.Build.0 = Debug|Any CPU
		{4582B682-413C-4069-8399-2B7CAC95A91F}.Release|Any CPU.ActiveCfg = Release|Any CPU
		{4582B682-413C-4069-8399-2B7CAC95A91F}.Release|Any CPU.Build.0 = Release|Any CPU
		{4582B682-413C-4069-8399-2B7CAC95A91F}.Release|x64.ActiveCfg = Release|Any CPU
		{4582B682-413C-4069-8399-2B7CAC95A91F}.Release|x64.Build.0 = Release|Any CPU
		{4582B682-413C-4069-8399-2B7CAC95A91F}.Release|x86.ActiveCfg = Release|Any CPU
		{4582B682-413C-4069-8399-2B7CAC95A91F}.Release|x86.Build.0 = Release|Any CPU
		{B03A5501-5C4B-4740-B3CC-B5E512144140}.Debug|Any CPU.ActiveCfg = Debug|Any CPU
		{B03A5501-5C4B-4740-B3CC-B5E512144140}.Debug|Any CPU.Build.0 = Debug|Any CPU
		{B03A5501-5C4B-4740-B3CC-B5E512144140}.Debug|x64.ActiveCfg = Debug|Any CPU
		{B03A5501-5C4B-4740-B3CC-B5E512144140}.Debug|x64.Build.0 = Debug|Any CPU
		{B03A5501-5C4B-4740-B3CC-B5E512144140}.Debug|x86.ActiveCfg = Debug|Any CPU
		{B03A5501-5C4B-4740-B3CC-B5E512144140}.Debug|x86.Build.0 = Debug|Any CPU
		{B03A5501-5C4B-4740-B3CC-B5E512144140}.Release|Any CPU.ActiveCfg = Release|Any CPU
		{B03A5501-5C4B-4740-B3CC-B5E512144140}.Release|Any CPU.Build.0 = Release|Any CPU
		{B03A5501-5C4B-4740-B3CC-B5E512144140}.Release|x64.ActiveCfg = Release|Any CPU
		{B03A5501-5C4B-4740-B3CC-B5E512144140}.Release|x64.Build.0 = Release|Any CPU
		{B03A5501-5C4B-4740-B3CC-B5E512144140}.Release|x86.ActiveCfg = Release|Any CPU
		{B03A5501-5C4B-4740-B3CC-B5E512144140}.Release|x86.Build.0 = Release|Any CPU
		{68BBA6B1-2FE1-44E6-B473-F2020EEC8A79}.Debug|Any CPU.ActiveCfg = Debug|Any CPU
		{68BBA6B1-2FE1-44E6-B473-F2020EEC8A79}.Debug|Any CPU.Build.0 = Debug|Any CPU
		{68BBA6B1-2FE1-44E6-B473-F2020EEC8A79}.Debug|x64.ActiveCfg = Debug|Any CPU
		{68BBA6B1-2FE1-44E6-B473-F2020EEC8A79}.Debug|x64.Build.0 = Debug|Any CPU
		{68BBA6B1-2FE1-44E6-B473-F2020EEC8A79}.Debug|x86.ActiveCfg = Debug|Any CPU
		{68BBA6B1-2FE1-44E6-B473-F2020EEC8A79}.Debug|x86.Build.0 = Debug|Any CPU
		{68BBA6B1-2FE1-44E6-B473-F2020EEC8A79}.Release|Any CPU.ActiveCfg = Release|Any CPU
		{68BBA6B1-2FE1-44E6-B473-F2020EEC8A79}.Release|Any CPU.Build.0 = Release|Any CPU
		{68BBA6B1-2FE1-44E6-B473-F2020EEC8A79}.Release|x64.ActiveCfg = Release|Any CPU
		{68BBA6B1-2FE1-44E6-B473-F2020EEC8A79}.Release|x64.Build.0 = Release|Any CPU
		{68BBA6B1-2FE1-44E6-B473-F2020EEC8A79}.Release|x86.ActiveCfg = Release|Any CPU
		{68BBA6B1-2FE1-44E6-B473-F2020EEC8A79}.Release|x86.Build.0 = Release|Any CPU
		{9E1F4D57-4D7E-4DA6-A0F8-7D0C6720E5A9}.Debug|Any CPU.ActiveCfg = Debug|Any CPU
		{9E1F4D57-4D7E-4DA6-A0F8-7D0C6720E5A9}.Debug|Any CPU.Build.0 = Debug|Any CPU
		{9E1F4D57-4D7E-4DA6-A0F8-7D0C6720E5A9}.Debug|x64.ActiveCfg = Debug|Any CPU
		{9E1F4D57-4D7E-4DA6-A0F8-7D0C6720E5A9}.Debug|x64.Build.0 = Debug|Any CPU
		{9E1F4D57-4D7E-4DA6-A0F8-7D0C6720E5A9}.Debug|x86.ActiveCfg = Debug|Any CPU
		{9E1F4D57-4D7E-4DA6-A0F8-7D0C6720E5A9}.Debug|x86.Build.0 = Debug|Any CPU
		{9E1F4D57-4D7E-4DA6-A0F8-7D0C6720E5A9}.Release|Any CPU.ActiveCfg = Release|Any CPU
		{9E1F4D57-4D7E-4DA6-A0F8-7D0C6720E5A9}.Release|Any CPU.Build.0 = Release|Any CPU
		{9E1F4D57-4D7E-4DA6-A0F8-7D0C6720E5A9}.Release|x64.ActiveCfg = Release|Any CPU
		{9E1F4D57-4D7E-4DA6-A0F8-7D0C6720E5A9}.Release|x64.Build.0 = Release|Any CPU
		{9E1F4D57-4D7E-4DA6-A0F8-7D0C6720E5A9}.Release|x86.ActiveCfg = Release|Any CPU
		{9E1F4D57-4D7E-4DA6-A0F8-7D0C6720E5A9}.Release|x86.Build.0 = Release|Any CPU
		{9F7BA4B7-C306-4883-B28C-093C1B946889}.Debug|Any CPU.ActiveCfg = Debug|Any CPU
		{9F7BA4B7-C306-4883-B28C-093C1B946889}.Debug|Any CPU.Build.0 = Debug|Any CPU
		{9F7BA4B7-C306-4883-B28C-093C1B946889}.Debug|x64.ActiveCfg = Debug|Any CPU
		{9F7BA4B7-C306-4883-B28C-093C1B946889}.Debug|x64.Build.0 = Debug|Any CPU
		{9F7BA4B7-C306-4883-B28C-093C1B946889}.Debug|x86.ActiveCfg = Debug|Any CPU
		{9F7BA4B7-C306-4883-B28C-093C1B946889}.Debug|x86.Build.0 = Debug|Any CPU
		{9F7BA4B7-C306-4883-B28C-093C1B946889}.Release|Any CPU.ActiveCfg = Release|Any CPU
		{9F7BA4B7-C306-4883-B28C-093C1B946889}.Release|Any CPU.Build.0 = Release|Any CPU
		{9F7BA4B7-C306-4883-B28C-093C1B946889}.Release|x64.ActiveCfg = Release|Any CPU
		{9F7BA4B7-C306-4883-B28C-093C1B946889}.Release|x64.Build.0 = Release|Any CPU
		{9F7BA4B7-C306-4883-B28C-093C1B946889}.Release|x86.ActiveCfg = Release|Any CPU
		{9F7BA4B7-C306-4883-B28C-093C1B946889}.Release|x86.Build.0 = Release|Any CPU
		{09533868-D812-49F1-99DC-7F2EEB3225C1}.Debug|Any CPU.ActiveCfg = Debug|Any CPU
		{09533868-D812-49F1-99DC-7F2EEB3225C1}.Debug|Any CPU.Build.0 = Debug|Any CPU
		{09533868-D812-49F1-99DC-7F2EEB3225C1}.Debug|x64.ActiveCfg = Debug|Any CPU
		{09533868-D812-49F1-99DC-7F2EEB3225C1}.Debug|x64.Build.0 = Debug|Any CPU
		{09533868-D812-49F1-99DC-7F2EEB3225C1}.Debug|x86.ActiveCfg = Debug|Any CPU
		{09533868-D812-49F1-99DC-7F2EEB3225C1}.Debug|x86.Build.0 = Debug|Any CPU
		{09533868-D812-49F1-99DC-7F2EEB3225C1}.Release|Any CPU.ActiveCfg = Release|Any CPU
		{09533868-D812-49F1-99DC-7F2EEB3225C1}.Release|Any CPU.Build.0 = Release|Any CPU
		{09533868-D812-49F1-99DC-7F2EEB3225C1}.Release|x64.ActiveCfg = Release|Any CPU
		{09533868-D812-49F1-99DC-7F2EEB3225C1}.Release|x64.Build.0 = Release|Any CPU
		{09533868-D812-49F1-99DC-7F2EEB3225C1}.Release|x86.ActiveCfg = Release|Any CPU
		{09533868-D812-49F1-99DC-7F2EEB3225C1}.Release|x86.Build.0 = Release|Any CPU
		{72BEEE0A-9FCA-4810-B7C4-72AB9BDCB6B7}.Debug|Any CPU.ActiveCfg = Debug|Any CPU
		{72BEEE0A-9FCA-4810-B7C4-72AB9BDCB6B7}.Debug|Any CPU.Build.0 = Debug|Any CPU
		{72BEEE0A-9FCA-4810-B7C4-72AB9BDCB6B7}.Debug|x64.ActiveCfg = Debug|Any CPU
		{72BEEE0A-9FCA-4810-B7C4-72AB9BDCB6B7}.Debug|x64.Build.0 = Debug|Any CPU
		{72BEEE0A-9FCA-4810-B7C4-72AB9BDCB6B7}.Debug|x86.ActiveCfg = Debug|Any CPU
		{72BEEE0A-9FCA-4810-B7C4-72AB9BDCB6B7}.Debug|x86.Build.0 = Debug|Any CPU
		{72BEEE0A-9FCA-4810-B7C4-72AB9BDCB6B7}.Release|Any CPU.ActiveCfg = Release|Any CPU
		{72BEEE0A-9FCA-4810-B7C4-72AB9BDCB6B7}.Release|Any CPU.Build.0 = Release|Any CPU
		{72BEEE0A-9FCA-4810-B7C4-72AB9BDCB6B7}.Release|x64.ActiveCfg = Release|Any CPU
		{72BEEE0A-9FCA-4810-B7C4-72AB9BDCB6B7}.Release|x64.Build.0 = Release|Any CPU
		{72BEEE0A-9FCA-4810-B7C4-72AB9BDCB6B7}.Release|x86.ActiveCfg = Release|Any CPU
		{72BEEE0A-9FCA-4810-B7C4-72AB9BDCB6B7}.Release|x86.Build.0 = Release|Any CPU
		{AD942D30-A3DB-43A6-9BA9-ABA5AC1368F8}.Debug|Any CPU.ActiveCfg = Debug|Any CPU
		{AD942D30-A3DB-43A6-9BA9-ABA5AC1368F8}.Debug|Any CPU.Build.0 = Debug|Any CPU
		{AD942D30-A3DB-43A6-9BA9-ABA5AC1368F8}.Debug|x64.ActiveCfg = Debug|Any CPU
		{AD942D30-A3DB-43A6-9BA9-ABA5AC1368F8}.Debug|x64.Build.0 = Debug|Any CPU
		{AD942D30-A3DB-43A6-9BA9-ABA5AC1368F8}.Debug|x86.ActiveCfg = Debug|Any CPU
		{AD942D30-A3DB-43A6-9BA9-ABA5AC1368F8}.Debug|x86.Build.0 = Debug|Any CPU
		{AD942D30-A3DB-43A6-9BA9-ABA5AC1368F8}.Release|Any CPU.ActiveCfg = Release|Any CPU
		{AD942D30-A3DB-43A6-9BA9-ABA5AC1368F8}.Release|Any CPU.Build.0 = Release|Any CPU
		{AD942D30-A3DB-43A6-9BA9-ABA5AC1368F8}.Release|x64.ActiveCfg = Release|Any CPU
		{AD942D30-A3DB-43A6-9BA9-ABA5AC1368F8}.Release|x64.Build.0 = Release|Any CPU
		{AD942D30-A3DB-43A6-9BA9-ABA5AC1368F8}.Release|x86.ActiveCfg = Release|Any CPU
		{AD942D30-A3DB-43A6-9BA9-ABA5AC1368F8}.Release|x86.Build.0 = Release|Any CPU
		{5450FC13-5FA5-46A3-B827-D19C36DA5A0D}.Debug|Any CPU.ActiveCfg = Debug|Any CPU
		{5450FC13-5FA5-46A3-B827-D19C36DA5A0D}.Debug|Any CPU.Build.0 = Debug|Any CPU
		{5450FC13-5FA5-46A3-B827-D19C36DA5A0D}.Debug|x64.ActiveCfg = Debug|Any CPU
		{5450FC13-5FA5-46A3-B827-D19C36DA5A0D}.Debug|x64.Build.0 = Debug|Any CPU
		{5450FC13-5FA5-46A3-B827-D19C36DA5A0D}.Debug|x86.ActiveCfg = Debug|Any CPU
		{5450FC13-5FA5-46A3-B827-D19C36DA5A0D}.Debug|x86.Build.0 = Debug|Any CPU
		{5450FC13-5FA5-46A3-B827-D19C36DA5A0D}.Release|Any CPU.ActiveCfg = Release|Any CPU
		{5450FC13-5FA5-46A3-B827-D19C36DA5A0D}.Release|Any CPU.Build.0 = Release|Any CPU
		{5450FC13-5FA5-46A3-B827-D19C36DA5A0D}.Release|x64.ActiveCfg = Release|Any CPU
		{5450FC13-5FA5-46A3-B827-D19C36DA5A0D}.Release|x64.Build.0 = Release|Any CPU
		{5450FC13-5FA5-46A3-B827-D19C36DA5A0D}.Release|x86.ActiveCfg = Release|Any CPU
		{5450FC13-5FA5-46A3-B827-D19C36DA5A0D}.Release|x86.Build.0 = Release|Any CPU
		{EA62E2EB-90EC-4DDF-A499-E82601270D14}.Debug|Any CPU.ActiveCfg = Debug|Any CPU
		{EA62E2EB-90EC-4DDF-A499-E82601270D14}.Debug|Any CPU.Build.0 = Debug|Any CPU
		{EA62E2EB-90EC-4DDF-A499-E82601270D14}.Debug|x64.ActiveCfg = Debug|Any CPU
		{EA62E2EB-90EC-4DDF-A499-E82601270D14}.Debug|x64.Build.0 = Debug|Any CPU
		{EA62E2EB-90EC-4DDF-A499-E82601270D14}.Debug|x86.ActiveCfg = Debug|Any CPU
		{EA62E2EB-90EC-4DDF-A499-E82601270D14}.Debug|x86.Build.0 = Debug|Any CPU
		{EA62E2EB-90EC-4DDF-A499-E82601270D14}.Release|Any CPU.ActiveCfg = Release|Any CPU
		{EA62E2EB-90EC-4DDF-A499-E82601270D14}.Release|Any CPU.Build.0 = Release|Any CPU
		{EA62E2EB-90EC-4DDF-A499-E82601270D14}.Release|x64.ActiveCfg = Release|Any CPU
		{EA62E2EB-90EC-4DDF-A499-E82601270D14}.Release|x64.Build.0 = Release|Any CPU
		{EA62E2EB-90EC-4DDF-A499-E82601270D14}.Release|x86.ActiveCfg = Release|Any CPU
		{EA62E2EB-90EC-4DDF-A499-E82601270D14}.Release|x86.Build.0 = Release|Any CPU
		{BDB60BA6-3846-48E3-B9C9-2943CC4E9ECA}.Debug|Any CPU.ActiveCfg = Debug|Any CPU
		{BDB60BA6-3846-48E3-B9C9-2943CC4E9ECA}.Debug|Any CPU.Build.0 = Debug|Any CPU
		{BDB60BA6-3846-48E3-B9C9-2943CC4E9ECA}.Debug|x64.ActiveCfg = Debug|Any CPU
		{BDB60BA6-3846-48E3-B9C9-2943CC4E9ECA}.Debug|x64.Build.0 = Debug|Any CPU
		{BDB60BA6-3846-48E3-B9C9-2943CC4E9ECA}.Debug|x86.ActiveCfg = Debug|Any CPU
		{BDB60BA6-3846-48E3-B9C9-2943CC4E9ECA}.Debug|x86.Build.0 = Debug|Any CPU
		{BDB60BA6-3846-48E3-B9C9-2943CC4E9ECA}.Release|Any CPU.ActiveCfg = Release|Any CPU
		{BDB60BA6-3846-48E3-B9C9-2943CC4E9ECA}.Release|Any CPU.Build.0 = Release|Any CPU
		{BDB60BA6-3846-48E3-B9C9-2943CC4E9ECA}.Release|x64.ActiveCfg = Release|Any CPU
		{BDB60BA6-3846-48E3-B9C9-2943CC4E9ECA}.Release|x64.Build.0 = Release|Any CPU
		{BDB60BA6-3846-48E3-B9C9-2943CC4E9ECA}.Release|x86.ActiveCfg = Release|Any CPU
		{BDB60BA6-3846-48E3-B9C9-2943CC4E9ECA}.Release|x86.Build.0 = Release|Any CPU
		{37CF9273-78E4-4B77-97B5-5798BA850871}.Debug|Any CPU.ActiveCfg = Debug|Any CPU
		{37CF9273-78E4-4B77-97B5-5798BA850871}.Debug|Any CPU.Build.0 = Debug|Any CPU
		{37CF9273-78E4-4B77-97B5-5798BA850871}.Debug|x64.ActiveCfg = Debug|Any CPU
		{37CF9273-78E4-4B77-97B5-5798BA850871}.Debug|x64.Build.0 = Debug|Any CPU
		{37CF9273-78E4-4B77-97B5-5798BA850871}.Debug|x86.ActiveCfg = Debug|Any CPU
		{37CF9273-78E4-4B77-97B5-5798BA850871}.Debug|x86.Build.0 = Debug|Any CPU
		{37CF9273-78E4-4B77-97B5-5798BA850871}.Release|Any CPU.ActiveCfg = Release|Any CPU
		{37CF9273-78E4-4B77-97B5-5798BA850871}.Release|Any CPU.Build.0 = Release|Any CPU
		{37CF9273-78E4-4B77-97B5-5798BA850871}.Release|x64.ActiveCfg = Release|Any CPU
		{37CF9273-78E4-4B77-97B5-5798BA850871}.Release|x64.Build.0 = Release|Any CPU
		{37CF9273-78E4-4B77-97B5-5798BA850871}.Release|x86.ActiveCfg = Release|Any CPU
		{37CF9273-78E4-4B77-97B5-5798BA850871}.Release|x86.Build.0 = Release|Any CPU
		{6FF51EA4-D663-42B4-A1AB-8ACA15398403}.Debug|Any CPU.ActiveCfg = Debug|Any CPU
		{6FF51EA4-D663-42B4-A1AB-8ACA15398403}.Debug|Any CPU.Build.0 = Debug|Any CPU
		{6FF51EA4-D663-42B4-A1AB-8ACA15398403}.Debug|x64.ActiveCfg = Debug|Any CPU
		{6FF51EA4-D663-42B4-A1AB-8ACA15398403}.Debug|x64.Build.0 = Debug|Any CPU
		{6FF51EA4-D663-42B4-A1AB-8ACA15398403}.Debug|x86.ActiveCfg = Debug|Any CPU
		{6FF51EA4-D663-42B4-A1AB-8ACA15398403}.Debug|x86.Build.0 = Debug|Any CPU
		{6FF51EA4-D663-42B4-A1AB-8ACA15398403}.Release|Any CPU.ActiveCfg = Release|Any CPU
		{6FF51EA4-D663-42B4-A1AB-8ACA15398403}.Release|Any CPU.Build.0 = Release|Any CPU
		{6FF51EA4-D663-42B4-A1AB-8ACA15398403}.Release|x64.ActiveCfg = Release|Any CPU
		{6FF51EA4-D663-42B4-A1AB-8ACA15398403}.Release|x64.Build.0 = Release|Any CPU
		{6FF51EA4-D663-42B4-A1AB-8ACA15398403}.Release|x86.ActiveCfg = Release|Any CPU
		{6FF51EA4-D663-42B4-A1AB-8ACA15398403}.Release|x86.Build.0 = Release|Any CPU
		{259BB22F-1F69-4615-B250-2F4A61D43AB6}.Debug|Any CPU.ActiveCfg = Debug|Any CPU
		{259BB22F-1F69-4615-B250-2F4A61D43AB6}.Debug|Any CPU.Build.0 = Debug|Any CPU
		{259BB22F-1F69-4615-B250-2F4A61D43AB6}.Debug|x64.ActiveCfg = Debug|Any CPU
		{259BB22F-1F69-4615-B250-2F4A61D43AB6}.Debug|x64.Build.0 = Debug|Any CPU
		{259BB22F-1F69-4615-B250-2F4A61D43AB6}.Debug|x86.ActiveCfg = Debug|Any CPU
		{259BB22F-1F69-4615-B250-2F4A61D43AB6}.Debug|x86.Build.0 = Debug|Any CPU
		{259BB22F-1F69-4615-B250-2F4A61D43AB6}.Release|Any CPU.ActiveCfg = Release|Any CPU
		{259BB22F-1F69-4615-B250-2F4A61D43AB6}.Release|Any CPU.Build.0 = Release|Any CPU
		{259BB22F-1F69-4615-B250-2F4A61D43AB6}.Release|x64.ActiveCfg = Release|Any CPU
		{259BB22F-1F69-4615-B250-2F4A61D43AB6}.Release|x64.Build.0 = Release|Any CPU
		{259BB22F-1F69-4615-B250-2F4A61D43AB6}.Release|x86.ActiveCfg = Release|Any CPU
		{259BB22F-1F69-4615-B250-2F4A61D43AB6}.Release|x86.Build.0 = Release|Any CPU
		{37861FEF-8C07-4BC0-94F1-5D7BB63B2F7F}.Debug|Any CPU.ActiveCfg = Debug|Any CPU
		{37861FEF-8C07-4BC0-94F1-5D7BB63B2F7F}.Debug|Any CPU.Build.0 = Debug|Any CPU
		{37861FEF-8C07-4BC0-94F1-5D7BB63B2F7F}.Debug|x64.ActiveCfg = Debug|Any CPU
		{37861FEF-8C07-4BC0-94F1-5D7BB63B2F7F}.Debug|x64.Build.0 = Debug|Any CPU
		{37861FEF-8C07-4BC0-94F1-5D7BB63B2F7F}.Debug|x86.ActiveCfg = Debug|Any CPU
		{37861FEF-8C07-4BC0-94F1-5D7BB63B2F7F}.Debug|x86.Build.0 = Debug|Any CPU
		{37861FEF-8C07-4BC0-94F1-5D7BB63B2F7F}.Release|Any CPU.ActiveCfg = Release|Any CPU
		{37861FEF-8C07-4BC0-94F1-5D7BB63B2F7F}.Release|Any CPU.Build.0 = Release|Any CPU
		{37861FEF-8C07-4BC0-94F1-5D7BB63B2F7F}.Release|x64.ActiveCfg = Release|Any CPU
		{37861FEF-8C07-4BC0-94F1-5D7BB63B2F7F}.Release|x64.Build.0 = Release|Any CPU
		{37861FEF-8C07-4BC0-94F1-5D7BB63B2F7F}.Release|x86.ActiveCfg = Release|Any CPU
		{37861FEF-8C07-4BC0-94F1-5D7BB63B2F7F}.Release|x86.Build.0 = Release|Any CPU
		{6D3DAFCE-297C-4F1F-9AA5-37A4127A5122}.Debug|Any CPU.ActiveCfg = Debug|Any CPU
		{6D3DAFCE-297C-4F1F-9AA5-37A4127A5122}.Debug|Any CPU.Build.0 = Debug|Any CPU
		{6D3DAFCE-297C-4F1F-9AA5-37A4127A5122}.Debug|x64.ActiveCfg = Debug|Any CPU
		{6D3DAFCE-297C-4F1F-9AA5-37A4127A5122}.Debug|x64.Build.0 = Debug|Any CPU
		{6D3DAFCE-297C-4F1F-9AA5-37A4127A5122}.Debug|x86.ActiveCfg = Debug|Any CPU
		{6D3DAFCE-297C-4F1F-9AA5-37A4127A5122}.Debug|x86.Build.0 = Debug|Any CPU
		{6D3DAFCE-297C-4F1F-9AA5-37A4127A5122}.Release|Any CPU.ActiveCfg = Release|Any CPU
		{6D3DAFCE-297C-4F1F-9AA5-37A4127A5122}.Release|Any CPU.Build.0 = Release|Any CPU
		{6D3DAFCE-297C-4F1F-9AA5-37A4127A5122}.Release|x64.ActiveCfg = Release|Any CPU
		{6D3DAFCE-297C-4F1F-9AA5-37A4127A5122}.Release|x64.Build.0 = Release|Any CPU
		{6D3DAFCE-297C-4F1F-9AA5-37A4127A5122}.Release|x86.ActiveCfg = Release|Any CPU
		{6D3DAFCE-297C-4F1F-9AA5-37A4127A5122}.Release|x86.Build.0 = Release|Any CPU
		{D53E6C88-8784-456F-8D95-5A5B7C528C95}.Debug|Any CPU.ActiveCfg = Debug|Any CPU
		{D53E6C88-8784-456F-8D95-5A5B7C528C95}.Debug|Any CPU.Build.0 = Debug|Any CPU
		{D53E6C88-8784-456F-8D95-5A5B7C528C95}.Debug|x64.ActiveCfg = Debug|Any CPU
		{D53E6C88-8784-456F-8D95-5A5B7C528C95}.Debug|x64.Build.0 = Debug|Any CPU
		{D53E6C88-8784-456F-8D95-5A5B7C528C95}.Debug|x86.ActiveCfg = Debug|Any CPU
		{D53E6C88-8784-456F-8D95-5A5B7C528C95}.Debug|x86.Build.0 = Debug|Any CPU
		{D53E6C88-8784-456F-8D95-5A5B7C528C95}.Release|Any CPU.ActiveCfg = Release|Any CPU
		{D53E6C88-8784-456F-8D95-5A5B7C528C95}.Release|Any CPU.Build.0 = Release|Any CPU
		{D53E6C88-8784-456F-8D95-5A5B7C528C95}.Release|x64.ActiveCfg = Release|Any CPU
		{D53E6C88-8784-456F-8D95-5A5B7C528C95}.Release|x64.Build.0 = Release|Any CPU
		{D53E6C88-8784-456F-8D95-5A5B7C528C95}.Release|x86.ActiveCfg = Release|Any CPU
		{D53E6C88-8784-456F-8D95-5A5B7C528C95}.Release|x86.Build.0 = Release|Any CPU
		{5AAE3786-97BF-4753-A890-2B2DE9D06C39}.Debug|Any CPU.ActiveCfg = Debug|Any CPU
		{5AAE3786-97BF-4753-A890-2B2DE9D06C39}.Debug|Any CPU.Build.0 = Debug|Any CPU
		{5AAE3786-97BF-4753-A890-2B2DE9D06C39}.Debug|x64.ActiveCfg = Debug|Any CPU
		{5AAE3786-97BF-4753-A890-2B2DE9D06C39}.Debug|x64.Build.0 = Debug|Any CPU
		{5AAE3786-97BF-4753-A890-2B2DE9D06C39}.Debug|x86.ActiveCfg = Debug|Any CPU
		{5AAE3786-97BF-4753-A890-2B2DE9D06C39}.Debug|x86.Build.0 = Debug|Any CPU
		{5AAE3786-97BF-4753-A890-2B2DE9D06C39}.Release|Any CPU.ActiveCfg = Release|Any CPU
		{5AAE3786-97BF-4753-A890-2B2DE9D06C39}.Release|Any CPU.Build.0 = Release|Any CPU
		{5AAE3786-97BF-4753-A890-2B2DE9D06C39}.Release|x64.ActiveCfg = Release|Any CPU
		{5AAE3786-97BF-4753-A890-2B2DE9D06C39}.Release|x64.Build.0 = Release|Any CPU
		{5AAE3786-97BF-4753-A890-2B2DE9D06C39}.Release|x86.ActiveCfg = Release|Any CPU
		{5AAE3786-97BF-4753-A890-2B2DE9D06C39}.Release|x86.Build.0 = Release|Any CPU
		{EA8F09DD-0E54-47C0-A961-140635AC5991}.Debug|Any CPU.ActiveCfg = Debug|Any CPU
		{EA8F09DD-0E54-47C0-A961-140635AC5991}.Debug|Any CPU.Build.0 = Debug|Any CPU
		{EA8F09DD-0E54-47C0-A961-140635AC5991}.Debug|x64.ActiveCfg = Debug|Any CPU
		{EA8F09DD-0E54-47C0-A961-140635AC5991}.Debug|x64.Build.0 = Debug|Any CPU
		{EA8F09DD-0E54-47C0-A961-140635AC5991}.Debug|x86.ActiveCfg = Debug|Any CPU
		{EA8F09DD-0E54-47C0-A961-140635AC5991}.Debug|x86.Build.0 = Debug|Any CPU
		{EA8F09DD-0E54-47C0-A961-140635AC5991}.Release|Any CPU.ActiveCfg = Release|Any CPU
		{EA8F09DD-0E54-47C0-A961-140635AC5991}.Release|Any CPU.Build.0 = Release|Any CPU
		{EA8F09DD-0E54-47C0-A961-140635AC5991}.Release|x64.ActiveCfg = Release|Any CPU
		{EA8F09DD-0E54-47C0-A961-140635AC5991}.Release|x64.Build.0 = Release|Any CPU
		{EA8F09DD-0E54-47C0-A961-140635AC5991}.Release|x86.ActiveCfg = Release|Any CPU
		{EA8F09DD-0E54-47C0-A961-140635AC5991}.Release|x86.Build.0 = Release|Any CPU
		{CBC9DD3C-2599-444D-AA44-F3469284E6B7}.Debug|Any CPU.ActiveCfg = Debug|Any CPU
		{CBC9DD3C-2599-444D-AA44-F3469284E6B7}.Debug|Any CPU.Build.0 = Debug|Any CPU
		{CBC9DD3C-2599-444D-AA44-F3469284E6B7}.Debug|x64.ActiveCfg = Debug|Any CPU
		{CBC9DD3C-2599-444D-AA44-F3469284E6B7}.Debug|x64.Build.0 = Debug|Any CPU
		{CBC9DD3C-2599-444D-AA44-F3469284E6B7}.Debug|x86.ActiveCfg = Debug|Any CPU
		{CBC9DD3C-2599-444D-AA44-F3469284E6B7}.Debug|x86.Build.0 = Debug|Any CPU
		{CBC9DD3C-2599-444D-AA44-F3469284E6B7}.Release|Any CPU.ActiveCfg = Release|Any CPU
		{CBC9DD3C-2599-444D-AA44-F3469284E6B7}.Release|Any CPU.Build.0 = Release|Any CPU
		{CBC9DD3C-2599-444D-AA44-F3469284E6B7}.Release|x64.ActiveCfg = Release|Any CPU
		{CBC9DD3C-2599-444D-AA44-F3469284E6B7}.Release|x64.Build.0 = Release|Any CPU
		{CBC9DD3C-2599-444D-AA44-F3469284E6B7}.Release|x86.ActiveCfg = Release|Any CPU
		{CBC9DD3C-2599-444D-AA44-F3469284E6B7}.Release|x86.Build.0 = Release|Any CPU
		{BDBA7F55-6084-4C26-882C-25D51333E0D4}.Debug|Any CPU.ActiveCfg = Debug|Any CPU
		{BDBA7F55-6084-4C26-882C-25D51333E0D4}.Debug|Any CPU.Build.0 = Debug|Any CPU
		{BDBA7F55-6084-4C26-882C-25D51333E0D4}.Debug|x64.ActiveCfg = Debug|Any CPU
		{BDBA7F55-6084-4C26-882C-25D51333E0D4}.Debug|x64.Build.0 = Debug|Any CPU
		{BDBA7F55-6084-4C26-882C-25D51333E0D4}.Debug|x86.ActiveCfg = Debug|Any CPU
		{BDBA7F55-6084-4C26-882C-25D51333E0D4}.Debug|x86.Build.0 = Debug|Any CPU
		{BDBA7F55-6084-4C26-882C-25D51333E0D4}.Release|Any CPU.ActiveCfg = Release|Any CPU
		{BDBA7F55-6084-4C26-882C-25D51333E0D4}.Release|Any CPU.Build.0 = Release|Any CPU
		{BDBA7F55-6084-4C26-882C-25D51333E0D4}.Release|x64.ActiveCfg = Release|Any CPU
		{BDBA7F55-6084-4C26-882C-25D51333E0D4}.Release|x64.Build.0 = Release|Any CPU
		{BDBA7F55-6084-4C26-882C-25D51333E0D4}.Release|x86.ActiveCfg = Release|Any CPU
		{BDBA7F55-6084-4C26-882C-25D51333E0D4}.Release|x86.Build.0 = Release|Any CPU
		{67150FD1-52E7-4C7D-AB9F-128121F61BE6}.Debug|Any CPU.ActiveCfg = Debug|Any CPU
		{67150FD1-52E7-4C7D-AB9F-128121F61BE6}.Debug|Any CPU.Build.0 = Debug|Any CPU
		{67150FD1-52E7-4C7D-AB9F-128121F61BE6}.Debug|x64.ActiveCfg = Debug|Any CPU
		{67150FD1-52E7-4C7D-AB9F-128121F61BE6}.Debug|x64.Build.0 = Debug|Any CPU
		{67150FD1-52E7-4C7D-AB9F-128121F61BE6}.Debug|x86.ActiveCfg = Debug|Any CPU
		{67150FD1-52E7-4C7D-AB9F-128121F61BE6}.Debug|x86.Build.0 = Debug|Any CPU
		{67150FD1-52E7-4C7D-AB9F-128121F61BE6}.Release|Any CPU.ActiveCfg = Release|Any CPU
		{67150FD1-52E7-4C7D-AB9F-128121F61BE6}.Release|Any CPU.Build.0 = Release|Any CPU
		{67150FD1-52E7-4C7D-AB9F-128121F61BE6}.Release|x64.ActiveCfg = Release|Any CPU
		{67150FD1-52E7-4C7D-AB9F-128121F61BE6}.Release|x64.Build.0 = Release|Any CPU
		{67150FD1-52E7-4C7D-AB9F-128121F61BE6}.Release|x86.ActiveCfg = Release|Any CPU
		{67150FD1-52E7-4C7D-AB9F-128121F61BE6}.Release|x86.Build.0 = Release|Any CPU
		{2C16F2BF-AFE9-44D5-9AB4-56F6D28D6034}.Debug|Any CPU.ActiveCfg = Debug|Any CPU
		{2C16F2BF-AFE9-44D5-9AB4-56F6D28D6034}.Debug|Any CPU.Build.0 = Debug|Any CPU
		{2C16F2BF-AFE9-44D5-9AB4-56F6D28D6034}.Debug|x64.ActiveCfg = Debug|Any CPU
		{2C16F2BF-AFE9-44D5-9AB4-56F6D28D6034}.Debug|x64.Build.0 = Debug|Any CPU
		{2C16F2BF-AFE9-44D5-9AB4-56F6D28D6034}.Debug|x86.ActiveCfg = Debug|Any CPU
		{2C16F2BF-AFE9-44D5-9AB4-56F6D28D6034}.Debug|x86.Build.0 = Debug|Any CPU
		{2C16F2BF-AFE9-44D5-9AB4-56F6D28D6034}.Release|Any CPU.ActiveCfg = Release|Any CPU
		{2C16F2BF-AFE9-44D5-9AB4-56F6D28D6034}.Release|Any CPU.Build.0 = Release|Any CPU
		{2C16F2BF-AFE9-44D5-9AB4-56F6D28D6034}.Release|x64.ActiveCfg = Release|Any CPU
		{2C16F2BF-AFE9-44D5-9AB4-56F6D28D6034}.Release|x64.Build.0 = Release|Any CPU
		{2C16F2BF-AFE9-44D5-9AB4-56F6D28D6034}.Release|x86.ActiveCfg = Release|Any CPU
		{2C16F2BF-AFE9-44D5-9AB4-56F6D28D6034}.Release|x86.Build.0 = Release|Any CPU
		{0EFD2D9F-4317-47EF-A157-28BB3675E973}.Debug|Any CPU.ActiveCfg = Debug|Any CPU
		{0EFD2D9F-4317-47EF-A157-28BB3675E973}.Debug|Any CPU.Build.0 = Debug|Any CPU
		{0EFD2D9F-4317-47EF-A157-28BB3675E973}.Debug|x64.ActiveCfg = Debug|Any CPU
		{0EFD2D9F-4317-47EF-A157-28BB3675E973}.Debug|x64.Build.0 = Debug|Any CPU
		{0EFD2D9F-4317-47EF-A157-28BB3675E973}.Debug|x86.ActiveCfg = Debug|Any CPU
		{0EFD2D9F-4317-47EF-A157-28BB3675E973}.Debug|x86.Build.0 = Debug|Any CPU
		{0EFD2D9F-4317-47EF-A157-28BB3675E973}.Release|Any CPU.ActiveCfg = Release|Any CPU
		{0EFD2D9F-4317-47EF-A157-28BB3675E973}.Release|Any CPU.Build.0 = Release|Any CPU
		{0EFD2D9F-4317-47EF-A157-28BB3675E973}.Release|x64.ActiveCfg = Release|Any CPU
		{0EFD2D9F-4317-47EF-A157-28BB3675E973}.Release|x64.Build.0 = Release|Any CPU
		{0EFD2D9F-4317-47EF-A157-28BB3675E973}.Release|x86.ActiveCfg = Release|Any CPU
		{0EFD2D9F-4317-47EF-A157-28BB3675E973}.Release|x86.Build.0 = Release|Any CPU
		{312B03FD-E44E-46B5-9580-E8756E80B692}.Debug|Any CPU.ActiveCfg = Debug|Any CPU
		{312B03FD-E44E-46B5-9580-E8756E80B692}.Debug|Any CPU.Build.0 = Debug|Any CPU
		{312B03FD-E44E-46B5-9580-E8756E80B692}.Debug|x64.ActiveCfg = Debug|Any CPU
		{312B03FD-E44E-46B5-9580-E8756E80B692}.Debug|x64.Build.0 = Debug|Any CPU
		{312B03FD-E44E-46B5-9580-E8756E80B692}.Debug|x86.ActiveCfg = Debug|Any CPU
		{312B03FD-E44E-46B5-9580-E8756E80B692}.Debug|x86.Build.0 = Debug|Any CPU
		{312B03FD-E44E-46B5-9580-E8756E80B692}.Release|Any CPU.ActiveCfg = Release|Any CPU
		{312B03FD-E44E-46B5-9580-E8756E80B692}.Release|Any CPU.Build.0 = Release|Any CPU
		{312B03FD-E44E-46B5-9580-E8756E80B692}.Release|x64.ActiveCfg = Release|Any CPU
		{312B03FD-E44E-46B5-9580-E8756E80B692}.Release|x64.Build.0 = Release|Any CPU
		{312B03FD-E44E-46B5-9580-E8756E80B692}.Release|x86.ActiveCfg = Release|Any CPU
		{312B03FD-E44E-46B5-9580-E8756E80B692}.Release|x86.Build.0 = Release|Any CPU
		{60B6D569-9F0F-4597-810F-D279C5C10C16}.Debug|Any CPU.ActiveCfg = Debug|Any CPU
		{60B6D569-9F0F-4597-810F-D279C5C10C16}.Debug|Any CPU.Build.0 = Debug|Any CPU
		{60B6D569-9F0F-4597-810F-D279C5C10C16}.Debug|x64.ActiveCfg = Debug|Any CPU
		{60B6D569-9F0F-4597-810F-D279C5C10C16}.Debug|x64.Build.0 = Debug|Any CPU
		{60B6D569-9F0F-4597-810F-D279C5C10C16}.Debug|x86.ActiveCfg = Debug|Any CPU
		{60B6D569-9F0F-4597-810F-D279C5C10C16}.Debug|x86.Build.0 = Debug|Any CPU
		{60B6D569-9F0F-4597-810F-D279C5C10C16}.Release|Any CPU.ActiveCfg = Release|Any CPU
		{60B6D569-9F0F-4597-810F-D279C5C10C16}.Release|Any CPU.Build.0 = Release|Any CPU
		{60B6D569-9F0F-4597-810F-D279C5C10C16}.Release|x64.ActiveCfg = Release|Any CPU
		{60B6D569-9F0F-4597-810F-D279C5C10C16}.Release|x64.Build.0 = Release|Any CPU
		{60B6D569-9F0F-4597-810F-D279C5C10C16}.Release|x86.ActiveCfg = Release|Any CPU
		{60B6D569-9F0F-4597-810F-D279C5C10C16}.Release|x86.Build.0 = Release|Any CPU
		{E3A356EB-CF42-4478-BB11-9D3CB7EB15D8}.Debug|Any CPU.ActiveCfg = Debug|Any CPU
		{E3A356EB-CF42-4478-BB11-9D3CB7EB15D8}.Debug|Any CPU.Build.0 = Debug|Any CPU
		{E3A356EB-CF42-4478-BB11-9D3CB7EB15D8}.Debug|x64.ActiveCfg = Debug|Any CPU
		{E3A356EB-CF42-4478-BB11-9D3CB7EB15D8}.Debug|x64.Build.0 = Debug|Any CPU
		{E3A356EB-CF42-4478-BB11-9D3CB7EB15D8}.Debug|x86.ActiveCfg = Debug|Any CPU
		{E3A356EB-CF42-4478-BB11-9D3CB7EB15D8}.Debug|x86.Build.0 = Debug|Any CPU
		{E3A356EB-CF42-4478-BB11-9D3CB7EB15D8}.Release|Any CPU.ActiveCfg = Release|Any CPU
		{E3A356EB-CF42-4478-BB11-9D3CB7EB15D8}.Release|Any CPU.Build.0 = Release|Any CPU
		{E3A356EB-CF42-4478-BB11-9D3CB7EB15D8}.Release|x64.ActiveCfg = Release|Any CPU
		{E3A356EB-CF42-4478-BB11-9D3CB7EB15D8}.Release|x64.Build.0 = Release|Any CPU
		{E3A356EB-CF42-4478-BB11-9D3CB7EB15D8}.Release|x86.ActiveCfg = Release|Any CPU
		{E3A356EB-CF42-4478-BB11-9D3CB7EB15D8}.Release|x86.Build.0 = Release|Any CPU
		{FAE5D572-4C62-4113-B8E2-D2F5870684F9}.Debug|Any CPU.ActiveCfg = Debug|Any CPU
		{FAE5D572-4C62-4113-B8E2-D2F5870684F9}.Debug|Any CPU.Build.0 = Debug|Any CPU
		{FAE5D572-4C62-4113-B8E2-D2F5870684F9}.Debug|x64.ActiveCfg = Debug|Any CPU
		{FAE5D572-4C62-4113-B8E2-D2F5870684F9}.Debug|x64.Build.0 = Debug|Any CPU
		{FAE5D572-4C62-4113-B8E2-D2F5870684F9}.Debug|x86.ActiveCfg = Debug|Any CPU
		{FAE5D572-4C62-4113-B8E2-D2F5870684F9}.Debug|x86.Build.0 = Debug|Any CPU
		{FAE5D572-4C62-4113-B8E2-D2F5870684F9}.Release|Any CPU.ActiveCfg = Release|Any CPU
		{FAE5D572-4C62-4113-B8E2-D2F5870684F9}.Release|Any CPU.Build.0 = Release|Any CPU
		{FAE5D572-4C62-4113-B8E2-D2F5870684F9}.Release|x64.ActiveCfg = Release|Any CPU
		{FAE5D572-4C62-4113-B8E2-D2F5870684F9}.Release|x64.Build.0 = Release|Any CPU
		{FAE5D572-4C62-4113-B8E2-D2F5870684F9}.Release|x86.ActiveCfg = Release|Any CPU
		{FAE5D572-4C62-4113-B8E2-D2F5870684F9}.Release|x86.Build.0 = Release|Any CPU
		{876B8282-34F1-4766-8F6B-377C73AD63A3}.Debug|Any CPU.ActiveCfg = Debug|Any CPU
		{876B8282-34F1-4766-8F6B-377C73AD63A3}.Debug|Any CPU.Build.0 = Debug|Any CPU
		{876B8282-34F1-4766-8F6B-377C73AD63A3}.Debug|x64.ActiveCfg = Debug|Any CPU
		{876B8282-34F1-4766-8F6B-377C73AD63A3}.Debug|x64.Build.0 = Debug|Any CPU
		{876B8282-34F1-4766-8F6B-377C73AD63A3}.Debug|x86.ActiveCfg = Debug|Any CPU
		{876B8282-34F1-4766-8F6B-377C73AD63A3}.Debug|x86.Build.0 = Debug|Any CPU
		{876B8282-34F1-4766-8F6B-377C73AD63A3}.Release|Any CPU.ActiveCfg = Release|Any CPU
		{876B8282-34F1-4766-8F6B-377C73AD63A3}.Release|Any CPU.Build.0 = Release|Any CPU
		{876B8282-34F1-4766-8F6B-377C73AD63A3}.Release|x64.ActiveCfg = Release|Any CPU
		{876B8282-34F1-4766-8F6B-377C73AD63A3}.Release|x64.Build.0 = Release|Any CPU
		{876B8282-34F1-4766-8F6B-377C73AD63A3}.Release|x86.ActiveCfg = Release|Any CPU
		{876B8282-34F1-4766-8F6B-377C73AD63A3}.Release|x86.Build.0 = Release|Any CPU
		{5A562E90-5A1C-4D4E-BED3-BA985E220812}.Debug|Any CPU.ActiveCfg = Debug|Any CPU
		{5A562E90-5A1C-4D4E-BED3-BA985E220812}.Debug|Any CPU.Build.0 = Debug|Any CPU
		{5A562E90-5A1C-4D4E-BED3-BA985E220812}.Debug|x64.ActiveCfg = Debug|Any CPU
		{5A562E90-5A1C-4D4E-BED3-BA985E220812}.Debug|x64.Build.0 = Debug|Any CPU
		{5A562E90-5A1C-4D4E-BED3-BA985E220812}.Debug|x86.ActiveCfg = Debug|Any CPU
		{5A562E90-5A1C-4D4E-BED3-BA985E220812}.Debug|x86.Build.0 = Debug|Any CPU
		{5A562E90-5A1C-4D4E-BED3-BA985E220812}.Release|Any CPU.ActiveCfg = Release|Any CPU
		{5A562E90-5A1C-4D4E-BED3-BA985E220812}.Release|Any CPU.Build.0 = Release|Any CPU
		{5A562E90-5A1C-4D4E-BED3-BA985E220812}.Release|x64.ActiveCfg = Release|Any CPU
		{5A562E90-5A1C-4D4E-BED3-BA985E220812}.Release|x64.Build.0 = Release|Any CPU
		{5A562E90-5A1C-4D4E-BED3-BA985E220812}.Release|x86.ActiveCfg = Release|Any CPU
		{5A562E90-5A1C-4D4E-BED3-BA985E220812}.Release|x86.Build.0 = Release|Any CPU
		{4B056C54-6C6D-4F47-B0EE-8067EEF4A049}.Debug|Any CPU.ActiveCfg = Debug|Any CPU
		{4B056C54-6C6D-4F47-B0EE-8067EEF4A049}.Debug|Any CPU.Build.0 = Debug|Any CPU
		{4B056C54-6C6D-4F47-B0EE-8067EEF4A049}.Debug|x64.ActiveCfg = Debug|Any CPU
		{4B056C54-6C6D-4F47-B0EE-8067EEF4A049}.Debug|x64.Build.0 = Debug|Any CPU
		{4B056C54-6C6D-4F47-B0EE-8067EEF4A049}.Debug|x86.ActiveCfg = Debug|Any CPU
		{4B056C54-6C6D-4F47-B0EE-8067EEF4A049}.Debug|x86.Build.0 = Debug|Any CPU
		{4B056C54-6C6D-4F47-B0EE-8067EEF4A049}.Release|Any CPU.ActiveCfg = Release|Any CPU
		{4B056C54-6C6D-4F47-B0EE-8067EEF4A049}.Release|Any CPU.Build.0 = Release|Any CPU
		{4B056C54-6C6D-4F47-B0EE-8067EEF4A049}.Release|x64.ActiveCfg = Release|Any CPU
		{4B056C54-6C6D-4F47-B0EE-8067EEF4A049}.Release|x64.Build.0 = Release|Any CPU
		{4B056C54-6C6D-4F47-B0EE-8067EEF4A049}.Release|x86.ActiveCfg = Release|Any CPU
		{4B056C54-6C6D-4F47-B0EE-8067EEF4A049}.Release|x86.Build.0 = Release|Any CPU
		{7DE9DF09-AAF2-4C1A-918E-F667FC3DECD0}.Debug|Any CPU.ActiveCfg = Debug|Any CPU
		{7DE9DF09-AAF2-4C1A-918E-F667FC3DECD0}.Debug|Any CPU.Build.0 = Debug|Any CPU
		{7DE9DF09-AAF2-4C1A-918E-F667FC3DECD0}.Debug|x64.ActiveCfg = Debug|Any CPU
		{7DE9DF09-AAF2-4C1A-918E-F667FC3DECD0}.Debug|x64.Build.0 = Debug|Any CPU
		{7DE9DF09-AAF2-4C1A-918E-F667FC3DECD0}.Debug|x86.ActiveCfg = Debug|Any CPU
		{7DE9DF09-AAF2-4C1A-918E-F667FC3DECD0}.Debug|x86.Build.0 = Debug|Any CPU
		{7DE9DF09-AAF2-4C1A-918E-F667FC3DECD0}.Release|Any CPU.ActiveCfg = Release|Any CPU
		{7DE9DF09-AAF2-4C1A-918E-F667FC3DECD0}.Release|Any CPU.Build.0 = Release|Any CPU
		{7DE9DF09-AAF2-4C1A-918E-F667FC3DECD0}.Release|x64.ActiveCfg = Release|Any CPU
		{7DE9DF09-AAF2-4C1A-918E-F667FC3DECD0}.Release|x64.Build.0 = Release|Any CPU
		{7DE9DF09-AAF2-4C1A-918E-F667FC3DECD0}.Release|x86.ActiveCfg = Release|Any CPU
		{7DE9DF09-AAF2-4C1A-918E-F667FC3DECD0}.Release|x86.Build.0 = Release|Any CPU
		{DDE1A106-D149-4B51-8AE3-6CB44678541D}.Debug|Any CPU.ActiveCfg = Debug|Any CPU
		{DDE1A106-D149-4B51-8AE3-6CB44678541D}.Debug|Any CPU.Build.0 = Debug|Any CPU
		{DDE1A106-D149-4B51-8AE3-6CB44678541D}.Debug|x64.ActiveCfg = Debug|Any CPU
		{DDE1A106-D149-4B51-8AE3-6CB44678541D}.Debug|x64.Build.0 = Debug|Any CPU
		{DDE1A106-D149-4B51-8AE3-6CB44678541D}.Debug|x86.ActiveCfg = Debug|Any CPU
		{DDE1A106-D149-4B51-8AE3-6CB44678541D}.Debug|x86.Build.0 = Debug|Any CPU
		{DDE1A106-D149-4B51-8AE3-6CB44678541D}.Release|Any CPU.ActiveCfg = Release|Any CPU
		{DDE1A106-D149-4B51-8AE3-6CB44678541D}.Release|Any CPU.Build.0 = Release|Any CPU
		{DDE1A106-D149-4B51-8AE3-6CB44678541D}.Release|x64.ActiveCfg = Release|Any CPU
		{DDE1A106-D149-4B51-8AE3-6CB44678541D}.Release|x64.Build.0 = Release|Any CPU
		{DDE1A106-D149-4B51-8AE3-6CB44678541D}.Release|x86.ActiveCfg = Release|Any CPU
		{DDE1A106-D149-4B51-8AE3-6CB44678541D}.Release|x86.Build.0 = Release|Any CPU
		{73A51D89-E60F-4168-AE13-88B29413E3D7}.Debug|Any CPU.ActiveCfg = Debug|Any CPU
		{73A51D89-E60F-4168-AE13-88B29413E3D7}.Debug|Any CPU.Build.0 = Debug|Any CPU
		{73A51D89-E60F-4168-AE13-88B29413E3D7}.Debug|x64.ActiveCfg = Debug|Any CPU
		{73A51D89-E60F-4168-AE13-88B29413E3D7}.Debug|x64.Build.0 = Debug|Any CPU
		{73A51D89-E60F-4168-AE13-88B29413E3D7}.Debug|x86.ActiveCfg = Debug|Any CPU
		{73A51D89-E60F-4168-AE13-88B29413E3D7}.Debug|x86.Build.0 = Debug|Any CPU
		{73A51D89-E60F-4168-AE13-88B29413E3D7}.Release|Any CPU.ActiveCfg = Release|Any CPU
		{73A51D89-E60F-4168-AE13-88B29413E3D7}.Release|Any CPU.Build.0 = Release|Any CPU
		{73A51D89-E60F-4168-AE13-88B29413E3D7}.Release|x64.ActiveCfg = Release|Any CPU
		{73A51D89-E60F-4168-AE13-88B29413E3D7}.Release|x64.Build.0 = Release|Any CPU
		{73A51D89-E60F-4168-AE13-88B29413E3D7}.Release|x86.ActiveCfg = Release|Any CPU
		{73A51D89-E60F-4168-AE13-88B29413E3D7}.Release|x86.Build.0 = Release|Any CPU
		{18025637-77A6-4C1E-A785-31889C9C07B8}.Debug|Any CPU.ActiveCfg = Debug|Any CPU
		{18025637-77A6-4C1E-A785-31889C9C07B8}.Debug|Any CPU.Build.0 = Debug|Any CPU
		{18025637-77A6-4C1E-A785-31889C9C07B8}.Debug|x64.ActiveCfg = Debug|Any CPU
		{18025637-77A6-4C1E-A785-31889C9C07B8}.Debug|x64.Build.0 = Debug|Any CPU
		{18025637-77A6-4C1E-A785-31889C9C07B8}.Debug|x86.ActiveCfg = Debug|Any CPU
		{18025637-77A6-4C1E-A785-31889C9C07B8}.Debug|x86.Build.0 = Debug|Any CPU
		{18025637-77A6-4C1E-A785-31889C9C07B8}.Release|Any CPU.ActiveCfg = Release|Any CPU
		{18025637-77A6-4C1E-A785-31889C9C07B8}.Release|Any CPU.Build.0 = Release|Any CPU
		{18025637-77A6-4C1E-A785-31889C9C07B8}.Release|x64.ActiveCfg = Release|Any CPU
		{18025637-77A6-4C1E-A785-31889C9C07B8}.Release|x64.Build.0 = Release|Any CPU
		{18025637-77A6-4C1E-A785-31889C9C07B8}.Release|x86.ActiveCfg = Release|Any CPU
		{18025637-77A6-4C1E-A785-31889C9C07B8}.Release|x86.Build.0 = Release|Any CPU
		{7C8F0304-5CC2-4ACB-92F5-F8A7A6E74A33}.Debug|Any CPU.ActiveCfg = Debug|Any CPU
		{7C8F0304-5CC2-4ACB-92F5-F8A7A6E74A33}.Debug|Any CPU.Build.0 = Debug|Any CPU
		{7C8F0304-5CC2-4ACB-92F5-F8A7A6E74A33}.Debug|x64.ActiveCfg = Debug|Any CPU
		{7C8F0304-5CC2-4ACB-92F5-F8A7A6E74A33}.Debug|x64.Build.0 = Debug|Any CPU
		{7C8F0304-5CC2-4ACB-92F5-F8A7A6E74A33}.Debug|x86.ActiveCfg = Debug|Any CPU
		{7C8F0304-5CC2-4ACB-92F5-F8A7A6E74A33}.Debug|x86.Build.0 = Debug|Any CPU
		{7C8F0304-5CC2-4ACB-92F5-F8A7A6E74A33}.Release|Any CPU.ActiveCfg = Release|Any CPU
		{7C8F0304-5CC2-4ACB-92F5-F8A7A6E74A33}.Release|Any CPU.Build.0 = Release|Any CPU
		{7C8F0304-5CC2-4ACB-92F5-F8A7A6E74A33}.Release|x64.ActiveCfg = Release|Any CPU
		{7C8F0304-5CC2-4ACB-92F5-F8A7A6E74A33}.Release|x64.Build.0 = Release|Any CPU
		{7C8F0304-5CC2-4ACB-92F5-F8A7A6E74A33}.Release|x86.ActiveCfg = Release|Any CPU
		{7C8F0304-5CC2-4ACB-92F5-F8A7A6E74A33}.Release|x86.Build.0 = Release|Any CPU
		{0A4F9E2D-7D1D-4638-A4D0-1763F01FAD21}.Debug|Any CPU.ActiveCfg = Debug|Any CPU
		{0A4F9E2D-7D1D-4638-A4D0-1763F01FAD21}.Debug|Any CPU.Build.0 = Debug|Any CPU
		{0A4F9E2D-7D1D-4638-A4D0-1763F01FAD21}.Debug|x64.ActiveCfg = Debug|Any CPU
		{0A4F9E2D-7D1D-4638-A4D0-1763F01FAD21}.Debug|x64.Build.0 = Debug|Any CPU
		{0A4F9E2D-7D1D-4638-A4D0-1763F01FAD21}.Debug|x86.ActiveCfg = Debug|Any CPU
		{0A4F9E2D-7D1D-4638-A4D0-1763F01FAD21}.Debug|x86.Build.0 = Debug|Any CPU
		{0A4F9E2D-7D1D-4638-A4D0-1763F01FAD21}.Release|Any CPU.ActiveCfg = Release|Any CPU
		{0A4F9E2D-7D1D-4638-A4D0-1763F01FAD21}.Release|Any CPU.Build.0 = Release|Any CPU
		{0A4F9E2D-7D1D-4638-A4D0-1763F01FAD21}.Release|x64.ActiveCfg = Release|Any CPU
		{0A4F9E2D-7D1D-4638-A4D0-1763F01FAD21}.Release|x64.Build.0 = Release|Any CPU
		{0A4F9E2D-7D1D-4638-A4D0-1763F01FAD21}.Release|x86.ActiveCfg = Release|Any CPU
		{0A4F9E2D-7D1D-4638-A4D0-1763F01FAD21}.Release|x86.Build.0 = Release|Any CPU
		{E464F50B-EE2D-47DD-A70A-5959C5665D1A}.Debug|Any CPU.ActiveCfg = Debug|Any CPU
		{E464F50B-EE2D-47DD-A70A-5959C5665D1A}.Debug|Any CPU.Build.0 = Debug|Any CPU
		{E464F50B-EE2D-47DD-A70A-5959C5665D1A}.Debug|x64.ActiveCfg = Debug|Any CPU
		{E464F50B-EE2D-47DD-A70A-5959C5665D1A}.Debug|x64.Build.0 = Debug|Any CPU
		{E464F50B-EE2D-47DD-A70A-5959C5665D1A}.Debug|x86.ActiveCfg = Debug|Any CPU
		{E464F50B-EE2D-47DD-A70A-5959C5665D1A}.Debug|x86.Build.0 = Debug|Any CPU
		{E464F50B-EE2D-47DD-A70A-5959C5665D1A}.Release|Any CPU.ActiveCfg = Release|Any CPU
		{E464F50B-EE2D-47DD-A70A-5959C5665D1A}.Release|Any CPU.Build.0 = Release|Any CPU
		{E464F50B-EE2D-47DD-A70A-5959C5665D1A}.Release|x64.ActiveCfg = Release|Any CPU
		{E464F50B-EE2D-47DD-A70A-5959C5665D1A}.Release|x64.Build.0 = Release|Any CPU
		{E464F50B-EE2D-47DD-A70A-5959C5665D1A}.Release|x86.ActiveCfg = Release|Any CPU
		{E464F50B-EE2D-47DD-A70A-5959C5665D1A}.Release|x86.Build.0 = Release|Any CPU
		{C9AD759B-8B1B-4349-ABFB-C7C851A2621F}.Debug|Any CPU.ActiveCfg = Debug|Any CPU
		{C9AD759B-8B1B-4349-ABFB-C7C851A2621F}.Debug|Any CPU.Build.0 = Debug|Any CPU
		{C9AD759B-8B1B-4349-ABFB-C7C851A2621F}.Debug|x64.ActiveCfg = Debug|Any CPU
		{C9AD759B-8B1B-4349-ABFB-C7C851A2621F}.Debug|x64.Build.0 = Debug|Any CPU
		{C9AD759B-8B1B-4349-ABFB-C7C851A2621F}.Debug|x86.ActiveCfg = Debug|Any CPU
		{C9AD759B-8B1B-4349-ABFB-C7C851A2621F}.Debug|x86.Build.0 = Debug|Any CPU
		{C9AD759B-8B1B-4349-ABFB-C7C851A2621F}.Release|Any CPU.ActiveCfg = Release|Any CPU
		{C9AD759B-8B1B-4349-ABFB-C7C851A2621F}.Release|Any CPU.Build.0 = Release|Any CPU
		{C9AD759B-8B1B-4349-ABFB-C7C851A2621F}.Release|x64.ActiveCfg = Release|Any CPU
		{C9AD759B-8B1B-4349-ABFB-C7C851A2621F}.Release|x64.Build.0 = Release|Any CPU
		{C9AD759B-8B1B-4349-ABFB-C7C851A2621F}.Release|x86.ActiveCfg = Release|Any CPU
		{C9AD759B-8B1B-4349-ABFB-C7C851A2621F}.Release|x86.Build.0 = Release|Any CPU
		{2835EA88-6DA3-4899-942F-EF438B6ACF40}.Debug|Any CPU.ActiveCfg = Debug|Any CPU
		{2835EA88-6DA3-4899-942F-EF438B6ACF40}.Debug|Any CPU.Build.0 = Debug|Any CPU
		{2835EA88-6DA3-4899-942F-EF438B6ACF40}.Debug|x64.ActiveCfg = Debug|Any CPU
		{2835EA88-6DA3-4899-942F-EF438B6ACF40}.Debug|x64.Build.0 = Debug|Any CPU
		{2835EA88-6DA3-4899-942F-EF438B6ACF40}.Debug|x86.ActiveCfg = Debug|Any CPU
		{2835EA88-6DA3-4899-942F-EF438B6ACF40}.Debug|x86.Build.0 = Debug|Any CPU
		{2835EA88-6DA3-4899-942F-EF438B6ACF40}.Release|Any CPU.ActiveCfg = Release|Any CPU
		{2835EA88-6DA3-4899-942F-EF438B6ACF40}.Release|Any CPU.Build.0 = Release|Any CPU
		{2835EA88-6DA3-4899-942F-EF438B6ACF40}.Release|x64.ActiveCfg = Release|Any CPU
		{2835EA88-6DA3-4899-942F-EF438B6ACF40}.Release|x64.Build.0 = Release|Any CPU
		{2835EA88-6DA3-4899-942F-EF438B6ACF40}.Release|x86.ActiveCfg = Release|Any CPU
		{2835EA88-6DA3-4899-942F-EF438B6ACF40}.Release|x86.Build.0 = Release|Any CPU
		{284F7D11-B269-4AB0-A064-4DC3242B9342}.Debug|Any CPU.ActiveCfg = Debug|Any CPU
		{284F7D11-B269-4AB0-A064-4DC3242B9342}.Debug|Any CPU.Build.0 = Debug|Any CPU
		{284F7D11-B269-4AB0-A064-4DC3242B9342}.Debug|x64.ActiveCfg = Debug|Any CPU
		{284F7D11-B269-4AB0-A064-4DC3242B9342}.Debug|x64.Build.0 = Debug|Any CPU
		{284F7D11-B269-4AB0-A064-4DC3242B9342}.Debug|x86.ActiveCfg = Debug|Any CPU
		{284F7D11-B269-4AB0-A064-4DC3242B9342}.Debug|x86.Build.0 = Debug|Any CPU
		{284F7D11-B269-4AB0-A064-4DC3242B9342}.Release|Any CPU.ActiveCfg = Release|Any CPU
		{284F7D11-B269-4AB0-A064-4DC3242B9342}.Release|Any CPU.Build.0 = Release|Any CPU
		{284F7D11-B269-4AB0-A064-4DC3242B9342}.Release|x64.ActiveCfg = Release|Any CPU
		{284F7D11-B269-4AB0-A064-4DC3242B9342}.Release|x64.Build.0 = Release|Any CPU
		{284F7D11-B269-4AB0-A064-4DC3242B9342}.Release|x86.ActiveCfg = Release|Any CPU
		{284F7D11-B269-4AB0-A064-4DC3242B9342}.Release|x86.Build.0 = Release|Any CPU
	EndGlobalSection
	GlobalSection(SolutionProperties) = preSolution
		HideSolutionNode = FALSE
	EndGlobalSection
	GlobalSection(NestedProjects) = preSolution
		{A2B1EEC5-67DB-0057-32EF-CB059E5EC4AB} = {2C739A61-540C-438E-8574-9BC07F61B0B9}
		{F3F99790-AD39-42B2-BDF8-01BBEAC50949} = {A2B1EEC5-67DB-0057-32EF-CB059E5EC4AB}
		{7B3D5A19-9F6B-4209-A4C8-C31A820E14F9} = {A2B1EEC5-67DB-0057-32EF-CB059E5EC4AB}
		{E94B05C0-7B94-F67B-A355-732423DFCDE4} = {2C739A61-540C-438E-8574-9BC07F61B0B9}
		{8B62D299-5A8C-4F5E-B73F-33DAFF9E819C} = {E94B05C0-7B94-F67B-A355-732423DFCDE4}
		{5090EE85-472A-4856-ABEE-6DC7302A7F50} = {A2B1EEC5-67DB-0057-32EF-CB059E5EC4AB}
		{4F91B7B5-B774-4618-8420-496D05926892} = {E94B05C0-7B94-F67B-A355-732423DFCDE4}
		{A8E47AD7-8D9E-41EE-88BE-06B9C4EFDC86} = {E94B05C0-7B94-F67B-A355-732423DFCDE4}
		{8FB301F6-2993-4E49-AC10-B825A5D998C7} = {A2B1EEC5-67DB-0057-32EF-CB059E5EC4AB}
		{BB787C51-55F2-45CE-BEF7-F885D458676D} = {31CAB707-5744-45DC-A93C-7CD9B8C4FDBE}
		{18CA6012-2063-4E88-B473-4E22E4EE02B0} = {E94B05C0-7B94-F67B-A355-732423DFCDE4}
		{E8540C03-9EA3-40F1-8133-2CFD66F9C728} = {E6CFF44E-9099-4352-8892-482A0E7CEEB7}
		{DA7C44B6-1ECF-486B-9152-81065EDBD430} = {E94B05C0-7B94-F67B-A355-732423DFCDE4}
		{77AC66EB-B775-4763-BB05-281E824597BC} = {6EF67072-E8FF-41B0-B3F4-345C52A609EB}
		{59EA8BDB-B0E1-4998-9CA9-5567FE7DC222} = {E94B05C0-7B94-F67B-A355-732423DFCDE4}
		{641BE6BD-5737-4161-9B40-864E53416E02} = {7336F634-0E20-486A-A72F-B6A96470578D}
		{7FB9EA5A-FA83-4331-A6A6-1BE804BB5E8D} = {E94B05C0-7B94-F67B-A355-732423DFCDE4}
		{A6A7F037-8C85-4775-99AC-D0FBE56062FF} = {735B0297-BBB2-45CD-9030-33A447A11D41}
		{BD8E2E7F-D7C9-404A-A75F-34F134E21B9E} = {76A45A8D-023F-4EFB-97E8-5014069511B0}
		{F023355C-B7C4-440D-A456-F185C6F85612} = {E94B05C0-7B94-F67B-A355-732423DFCDE4}
		{D8B6F8FD-2FC8-468B-896A-B9A6BF825BFD} = {7A685C70-582C-4BB8-9A67-3FC7D435A27E}
		{9983DC4B-0595-4F80-86C4-F10788C433A8} = {BDA16835-C5ED-45F1-A1B1-C3485BEA46B6}
		{356D1CE2-9F33-45A3-A025-AD9F1A434DD7} = {F54566DA-941D-48C1-929E-BBC169D3D011}
		{DB92B13B-8DA1-47F8-AC5B-2B401EA92AC4} = {B49983F4-D701-47D5-BD40-E6C1955D9420}
		{EAB69A13-5794-4167-A301-E56CD199DC3E} = {E94B05C0-7B94-F67B-A355-732423DFCDE4}
		{632D08A6-C2E2-4E4D-B95C-CD1C9CD35B68} = {ACBD56AF-9BFE-4AAC-860C-C6F41A54FDB1}
		{1F08AD42-DA0A-46B7-8F97-D8D5FB88B1A0} = {E94B05C0-7B94-F67B-A355-732423DFCDE4}
		{EEDECE8A-773D-41D2-9623-3576F5754D46} = {BA43F464-86AE-40F4-9B57-BFB1436B8198}
		{A6FF99F5-EDEE-4FB5-A0E0-396B65F6C738} = {E94B05C0-7B94-F67B-A355-732423DFCDE4}
		{4582B682-413C-4069-8399-2B7CAC95A91F} = {E94B05C0-7B94-F67B-A355-732423DFCDE4}
		{B03A5501-5C4B-4740-B3CC-B5E512144140} = {5DE8F4D7-1CA8-421E-A483-4C169BEB414F}
		{68BBA6B1-2FE1-44E6-B473-F2020EEC8A79} = {E94B05C0-7B94-F67B-A355-732423DFCDE4}
		{9E1F4D57-4D7E-4DA6-A0F8-7D0C6720E5A9} = {A2B1EEC5-67DB-0057-32EF-CB059E5EC4AB}
		{9F7BA4B7-C306-4883-B28C-093C1B946889} = {A2B1EEC5-67DB-0057-32EF-CB059E5EC4AB}
		{09533868-D812-49F1-99DC-7F2EEB3225C1} = {A2B1EEC5-67DB-0057-32EF-CB059E5EC4AB}
		{72BEEE0A-9FCA-4810-B7C4-72AB9BDCB6B7} = {E94B05C0-7B94-F67B-A355-732423DFCDE4}
		{AD942D30-A3DB-43A6-9BA9-ABA5AC1368F8} = {7A685C70-582C-4BB8-9A67-3FC7D435A27E}
		{5450FC13-5FA5-46A3-B827-D19C36DA5A0D} = {BDA16835-C5ED-45F1-A1B1-C3485BEA46B6}
		{EA62E2EB-90EC-4DDF-A499-E82601270D14} = {F54566DA-941D-48C1-929E-BBC169D3D011}
		{BDB60BA6-3846-48E3-B9C9-2943CC4E9ECA} = {31CAB707-5744-45DC-A93C-7CD9B8C4FDBE}
		{37CF9273-78E4-4B77-97B5-5798BA850871} = {BA43F464-86AE-40F4-9B57-BFB1436B8198}
		{6FF51EA4-D663-42B4-A1AB-8ACA15398403} = {B49983F4-D701-47D5-BD40-E6C1955D9420}
		{259BB22F-1F69-4615-B250-2F4A61D43AB6} = {76A45A8D-023F-4EFB-97E8-5014069511B0}
		{37861FEF-8C07-4BC0-94F1-5D7BB63B2F7F} = {ACBD56AF-9BFE-4AAC-860C-C6F41A54FDB1}
		{7A685C70-582C-4BB8-9A67-3FC7D435A27E} = {A2B1EEC5-67DB-0057-32EF-CB059E5EC4AB}
		{BDA16835-C5ED-45F1-A1B1-C3485BEA46B6} = {A2B1EEC5-67DB-0057-32EF-CB059E5EC4AB}
		{F54566DA-941D-48C1-929E-BBC169D3D011} = {A2B1EEC5-67DB-0057-32EF-CB059E5EC4AB}
		{31CAB707-5744-45DC-A93C-7CD9B8C4FDBE} = {A2B1EEC5-67DB-0057-32EF-CB059E5EC4AB}
		{BA43F464-86AE-40F4-9B57-BFB1436B8198} = {A2B1EEC5-67DB-0057-32EF-CB059E5EC4AB}
		{5C5BEEBA-6F6C-4C22-94B7-85A89DF69C67} = {A2B1EEC5-67DB-0057-32EF-CB059E5EC4AB}
		{7336F634-0E20-486A-A72F-B6A96470578D} = {5C5BEEBA-6F6C-4C22-94B7-85A89DF69C67}
		{76A45A8D-023F-4EFB-97E8-5014069511B0} = {5C5BEEBA-6F6C-4C22-94B7-85A89DF69C67}
		{B49983F4-D701-47D5-BD40-E6C1955D9420} = {A2B1EEC5-67DB-0057-32EF-CB059E5EC4AB}
		{ACBD56AF-9BFE-4AAC-860C-C6F41A54FDB1} = {A2B1EEC5-67DB-0057-32EF-CB059E5EC4AB}
		{6D3DAFCE-297C-4F1F-9AA5-37A4127A5122} = {7336F634-0E20-486A-A72F-B6A96470578D}
		{D53E6C88-8784-456F-8D95-5A5B7C528C95} = {6EF67072-E8FF-41B0-B3F4-345C52A609EB}
		{5AAE3786-97BF-4753-A890-2B2DE9D06C39} = {5DE8F4D7-1CA8-421E-A483-4C169BEB414F}
		{EA8F09DD-0E54-47C0-A961-140635AC5991} = {735B0297-BBB2-45CD-9030-33A447A11D41}
		{CBC9DD3C-2599-444D-AA44-F3469284E6B7} = {E6CFF44E-9099-4352-8892-482A0E7CEEB7}
		{735B0297-BBB2-45CD-9030-33A447A11D41} = {5C5BEEBA-6F6C-4C22-94B7-85A89DF69C67}
		{6EF67072-E8FF-41B0-B3F4-345C52A609EB} = {A2B1EEC5-67DB-0057-32EF-CB059E5EC4AB}
		{E6CFF44E-9099-4352-8892-482A0E7CEEB7} = {A2B1EEC5-67DB-0057-32EF-CB059E5EC4AB}
		{BDBA7F55-6084-4C26-882C-25D51333E0D4} = {A2B1EEC5-67DB-0057-32EF-CB059E5EC4AB}
		{5DE8F4D7-1CA8-421E-A483-4C169BEB414F} = {5C5BEEBA-6F6C-4C22-94B7-85A89DF69C67}
		{67150FD1-52E7-4C7D-AB9F-128121F61BE6} = {1523B074-3DDA-48D1-A317-E26C5E7CBFE8}
		{2C16F2BF-AFE9-44D5-9AB4-56F6D28D6034} = {1523B074-3DDA-48D1-A317-E26C5E7CBFE8}
		{0EFD2D9F-4317-47EF-A157-28BB3675E973} = {1523B074-3DDA-48D1-A317-E26C5E7CBFE8}
		{312B03FD-E44E-46B5-9580-E8756E80B692} = {1523B074-3DDA-48D1-A317-E26C5E7CBFE8}
		{60B6D569-9F0F-4597-810F-D279C5C10C16} = {1523B074-3DDA-48D1-A317-E26C5E7CBFE8}
		{E3A356EB-CF42-4478-BB11-9D3CB7EB15D8} = {1523B074-3DDA-48D1-A317-E26C5E7CBFE8}
		{FAE5D572-4C62-4113-B8E2-D2F5870684F9} = {BA6E893D-0D26-456B-82C9-AF7CCFBACA98}
		{876B8282-34F1-4766-8F6B-377C73AD63A3} = {BA6E893D-0D26-456B-82C9-AF7CCFBACA98}
		{5A562E90-5A1C-4D4E-BED3-BA985E220812} = {BA6E893D-0D26-456B-82C9-AF7CCFBACA98}
		{4B056C54-6C6D-4F47-B0EE-8067EEF4A049} = {BA6E893D-0D26-456B-82C9-AF7CCFBACA98}
		{7DE9DF09-AAF2-4C1A-918E-F667FC3DECD0} = {BA6E893D-0D26-456B-82C9-AF7CCFBACA98}
		{DDE1A106-D149-4B51-8AE3-6CB44678541D} = {BA6E893D-0D26-456B-82C9-AF7CCFBACA98}
		{73A51D89-E60F-4168-AE13-88B29413E3D7} = {E94B05C0-7B94-F67B-A355-732423DFCDE4}
		{1523B074-3DDA-48D1-A317-E26C5E7CBFE8} = {4D5FEE9B-1D4E-4507-8008-BA8BB8F8F9AD}
		{BA6E893D-0D26-456B-82C9-AF7CCFBACA98} = {4D5FEE9B-1D4E-4507-8008-BA8BB8F8F9AD}
		{35AF9831-6CF2-4F99-D5AB-565C9E0E3481} = {5C5BEEBA-6F6C-4C22-94B7-85A89DF69C67}
		{18025637-77A6-4C1E-A785-31889C9C07B8} = {35AF9831-6CF2-4F99-D5AB-565C9E0E3481}
		{7C8F0304-5CC2-4ACB-92F5-F8A7A6E74A33} = {90948320-52D0-4C2C-85E4-4E78908F795F}
		{0A4F9E2D-7D1D-4638-A4D0-1763F01FAD21} = {90948320-52D0-4C2C-85E4-4E78908F795F}
		{E464F50B-EE2D-47DD-A70A-5959C5665D1A} = {5C5BEEBA-6F6C-4C22-94B7-85A89DF69C67}
		{90948320-52D0-4C2C-85E4-4E78908F795F} = {5C5BEEBA-6F6C-4C22-94B7-85A89DF69C67}
		{C9AD759B-8B1B-4349-ABFB-C7C851A2621F} = {A2B1EEC5-67DB-0057-32EF-CB059E5EC4AB}
		{2835EA88-6DA3-4899-942F-EF438B6ACF40} = {E94B05C0-7B94-F67B-A355-732423DFCDE4}
		{284F7D11-B269-4AB0-A064-4DC3242B9342} = {A2B1EEC5-67DB-0057-32EF-CB059E5EC4AB}
	EndGlobalSection
EndGlobal
